// !$*UTF8*$!
{
	archiveVersion = 1;
	classes = {
	};
	objectVersion = 50;
	objects = {

/* Begin PBXBuildFile section */
		181B5E192193D786004BCC0B /* AppDelegate.m in Sources */ = {isa = PBXBuildFile; fileRef = 181B5E182193D786004BCC0B /* AppDelegate.m */; };
		181B5E1C2193D786004BCC0B /* ViewController.m in Sources */ = {isa = PBXBuildFile; fileRef = 181B5E1B2193D786004BCC0B /* ViewController.m */; };
		181B5E1F2193D786004BCC0B /* Main.storyboard in Resources */ = {isa = PBXBuildFile; fileRef = 181B5E1D2193D786004BCC0B /* Main.storyboard */; };
		181B5E212193D787004BCC0B /* Assets.xcassets in Resources */ = {isa = PBXBuildFile; fileRef = 181B5E202193D787004BCC0B /* Assets.xcassets */; };
		181B5E242193D787004BCC0B /* LaunchScreen.storyboard in Resources */ = {isa = PBXBuildFile; fileRef = 181B5E222193D787004BCC0B /* LaunchScreen.storyboard */; };
		181B5E272193D787004BCC0B /* main.m in Sources */ = {isa = PBXBuildFile; fileRef = 181B5E262193D787004BCC0B /* main.m */; };
		181B5E2F2193D7AA004BCC0B /* NFDownloadVideoManager.m in Sources */ = {isa = PBXBuildFile; fileRef = 181B5E2E2193D7AA004BCC0B /* NFDownloadVideoManager.m */; };
		181B5E382193DE62004BCC0B /* AppDelegate.m in Sources */ = {isa = PBXBuildFile; fileRef = 181B5E372193DE62004BCC0B /* AppDelegate.m */; };
		181B5E3B2193DE62004BCC0B /* ViewController.m in Sources */ = {isa = PBXBuildFile; fileRef = 181B5E3A2193DE62004BCC0B /* ViewController.m */; };
		181B5E3E2193DE62004BCC0B /* Main.storyboard in Resources */ = {isa = PBXBuildFile; fileRef = 181B5E3C2193DE62004BCC0B /* Main.storyboard */; };
		181B5E402193DE63004BCC0B /* Assets.xcassets in Resources */ = {isa = PBXBuildFile; fileRef = 181B5E3F2193DE63004BCC0B /* Assets.xcassets */; };
		181B5E432193DE63004BCC0B /* LaunchScreen.storyboard in Resources */ = {isa = PBXBuildFile; fileRef = 181B5E412193DE63004BCC0B /* LaunchScreen.storyboard */; };
		181B5E462193DE63004BCC0B /* main.m in Sources */ = {isa = PBXBuildFile; fileRef = 181B5E452193DE63004BCC0B /* main.m */; };
		181B5E4D2193DEE1004BCC0B /* NFLocation.m in Sources */ = {isa = PBXBuildFile; fileRef = 181B5E4B2193DEDB004BCC0B /* NFLocation.m */; };
		181B5E562193E374004BCC0B /* AppDelegate.m in Sources */ = {isa = PBXBuildFile; fileRef = 181B5E552193E374004BCC0B /* AppDelegate.m */; };
		181B5E592193E374004BCC0B /* ViewController.m in Sources */ = {isa = PBXBuildFile; fileRef = 181B5E582193E374004BCC0B /* ViewController.m */; };
		181B5E5C2193E374004BCC0B /* Main.storyboard in Resources */ = {isa = PBXBuildFile; fileRef = 181B5E5A2193E374004BCC0B /* Main.storyboard */; };
		181B5E5E2193E375004BCC0B /* Assets.xcassets in Resources */ = {isa = PBXBuildFile; fileRef = 181B5E5D2193E375004BCC0B /* Assets.xcassets */; };
		181B5E612193E375004BCC0B /* LaunchScreen.storyboard in Resources */ = {isa = PBXBuildFile; fileRef = 181B5E5F2193E375004BCC0B /* LaunchScreen.storyboard */; };
		181B5E642193E375004BCC0B /* main.m in Sources */ = {isa = PBXBuildFile; fileRef = 181B5E632193E375004BCC0B /* main.m */; };
		181B5E6A2193E390004BCC0B /* UITableView+Extension.m in Sources */ = {isa = PBXBuildFile; fileRef = 181B5E682193E390004BCC0B /* UITableView+Extension.m */; };
		181B5E6D2193E3E4004BCC0B /* TableViewCell.m in Sources */ = {isa = PBXBuildFile; fileRef = 181B5E6C2193E3E4004BCC0B /* TableViewCell.m */; };
		181B5E762193E52D004BCC0B /* AppDelegate.m in Sources */ = {isa = PBXBuildFile; fileRef = 181B5E752193E52D004BCC0B /* AppDelegate.m */; };
		181B5E792193E52D004BCC0B /* ViewController.m in Sources */ = {isa = PBXBuildFile; fileRef = 181B5E782193E52D004BCC0B /* ViewController.m */; };
		181B5E7C2193E52D004BCC0B /* Main.storyboard in Resources */ = {isa = PBXBuildFile; fileRef = 181B5E7A2193E52D004BCC0B /* Main.storyboard */; };
		181B5E7E2193E52E004BCC0B /* Assets.xcassets in Resources */ = {isa = PBXBuildFile; fileRef = 181B5E7D2193E52E004BCC0B /* Assets.xcassets */; };
		181B5E812193E52E004BCC0B /* LaunchScreen.storyboard in Resources */ = {isa = PBXBuildFile; fileRef = 181B5E7F2193E52E004BCC0B /* LaunchScreen.storyboard */; };
		181B5E842193E52E004BCC0B /* main.m in Sources */ = {isa = PBXBuildFile; fileRef = 181B5E832193E52E004BCC0B /* main.m */; };
		181B5E8A2193E553004BCC0B /* PeripheralManager.m in Sources */ = {isa = PBXBuildFile; fileRef = 181B5E882193E553004BCC0B /* PeripheralManager.m */; };
		1832F72B21B4BD7100BB54FD /* AppDelegate.m in Sources */ = {isa = PBXBuildFile; fileRef = 1832F72A21B4BD7100BB54FD /* AppDelegate.m */; };
		1832F72E21B4BD7100BB54FD /* ViewController.m in Sources */ = {isa = PBXBuildFile; fileRef = 1832F72D21B4BD7100BB54FD /* ViewController.m */; };
		1832F73121B4BD7100BB54FD /* Main.storyboard in Resources */ = {isa = PBXBuildFile; fileRef = 1832F72F21B4BD7100BB54FD /* Main.storyboard */; };
		1832F73321B4BD7200BB54FD /* Assets.xcassets in Resources */ = {isa = PBXBuildFile; fileRef = 1832F73221B4BD7200BB54FD /* Assets.xcassets */; };
		1832F73621B4BD7200BB54FD /* LaunchScreen.storyboard in Resources */ = {isa = PBXBuildFile; fileRef = 1832F73421B4BD7200BB54FD /* LaunchScreen.storyboard */; };
		1832F73921B4BD7200BB54FD /* main.m in Sources */ = {isa = PBXBuildFile; fileRef = 1832F73821B4BD7200BB54FD /* main.m */; };
		18372FDE22420ECF00E413DB /* AppDelegate.m in Sources */ = {isa = PBXBuildFile; fileRef = 18372FDD22420ECF00E413DB /* AppDelegate.m */; };
		18372FE122420ECF00E413DB /* ViewController.m in Sources */ = {isa = PBXBuildFile; fileRef = 18372FE022420ECF00E413DB /* ViewController.m */; };
		18372FE422420ECF00E413DB /* Main.storyboard in Resources */ = {isa = PBXBuildFile; fileRef = 18372FE222420ECF00E413DB /* Main.storyboard */; };
		18372FE622420ED100E413DB /* Assets.xcassets in Resources */ = {isa = PBXBuildFile; fileRef = 18372FE522420ED100E413DB /* Assets.xcassets */; };
		18372FE922420ED100E413DB /* LaunchScreen.storyboard in Resources */ = {isa = PBXBuildFile; fileRef = 18372FE722420ED100E413DB /* LaunchScreen.storyboard */; };
		18372FEC22420ED100E413DB /* main.m in Sources */ = {isa = PBXBuildFile; fileRef = 18372FEB22420ED100E413DB /* main.m */; };
		18372FF22242123D00E413DB /* NFLayout.m in Sources */ = {isa = PBXBuildFile; fileRef = 18372FF12242123D00E413DB /* NFLayout.m */; };
		1839412521D71BCB00C4FAD3 /* AppDelegate.m in Sources */ = {isa = PBXBuildFile; fileRef = 1839412421D71BCB00C4FAD3 /* AppDelegate.m */; };
		1839412821D71BCB00C4FAD3 /* ViewController.m in Sources */ = {isa = PBXBuildFile; fileRef = 1839412721D71BCB00C4FAD3 /* ViewController.m */; };
		1839412B21D71BCB00C4FAD3 /* Main.storyboard in Resources */ = {isa = PBXBuildFile; fileRef = 1839412921D71BCB00C4FAD3 /* Main.storyboard */; };
		1839412D21D71BCC00C4FAD3 /* Assets.xcassets in Resources */ = {isa = PBXBuildFile; fileRef = 1839412C21D71BCC00C4FAD3 /* Assets.xcassets */; };
		1839413021D71BCC00C4FAD3 /* LaunchScreen.storyboard in Resources */ = {isa = PBXBuildFile; fileRef = 1839412E21D71BCC00C4FAD3 /* LaunchScreen.storyboard */; };
		1839413321D71BCC00C4FAD3 /* main.m in Sources */ = {isa = PBXBuildFile; fileRef = 1839413221D71BCC00C4FAD3 /* main.m */; };
		1839413821D71C1A00C4FAD3 /* test.html in Resources */ = {isa = PBXBuildFile; fileRef = 1839413721D71C1A00C4FAD3 /* test.html */; };
		184DED3621FAE62C00E4C09B /* ViewController1.m in Sources */ = {isa = PBXBuildFile; fileRef = 184DED3521FAE62C00E4C09B /* ViewController1.m */; };
		184DED3821FAE67900E4C09B /* html.html in Resources */ = {isa = PBXBuildFile; fileRef = 184DED3721FAE67900E4C09B /* html.html */; };
		185A178921A2C0E700091A6F /* AppDelegate.m in Sources */ = {isa = PBXBuildFile; fileRef = 185A178821A2C0E700091A6F /* AppDelegate.m */; };
		185A178C21A2C0E700091A6F /* ViewController.m in Sources */ = {isa = PBXBuildFile; fileRef = 185A178B21A2C0E700091A6F /* ViewController.m */; };
		185A178F21A2C0E700091A6F /* Main.storyboard in Resources */ = {isa = PBXBuildFile; fileRef = 185A178D21A2C0E700091A6F /* Main.storyboard */; };
		185A179121A2C0E900091A6F /* Assets.xcassets in Resources */ = {isa = PBXBuildFile; fileRef = 185A179021A2C0E900091A6F /* Assets.xcassets */; };
		185A179421A2C0E900091A6F /* LaunchScreen.storyboard in Resources */ = {isa = PBXBuildFile; fileRef = 185A179221A2C0E900091A6F /* LaunchScreen.storyboard */; };
		185A179721A2C0E900091A6F /* main.m in Sources */ = {isa = PBXBuildFile; fileRef = 185A179621A2C0E900091A6F /* main.m */; };
		1877CE50219A57E00028BBB1 /* AppDelegate.m in Sources */ = {isa = PBXBuildFile; fileRef = 1877CE4F219A57E00028BBB1 /* AppDelegate.m */; };
		1877CE53219A57E00028BBB1 /* ViewController.m in Sources */ = {isa = PBXBuildFile; fileRef = 1877CE52219A57E00028BBB1 /* ViewController.m */; };
		1877CE56219A57E00028BBB1 /* Main.storyboard in Resources */ = {isa = PBXBuildFile; fileRef = 1877CE54219A57E00028BBB1 /* Main.storyboard */; };
		1877CE58219A57E10028BBB1 /* Assets.xcassets in Resources */ = {isa = PBXBuildFile; fileRef = 1877CE57219A57E10028BBB1 /* Assets.xcassets */; };
		1877CE5B219A57E10028BBB1 /* LaunchScreen.storyboard in Resources */ = {isa = PBXBuildFile; fileRef = 1877CE59219A57E10028BBB1 /* LaunchScreen.storyboard */; };
		1877CE5E219A57E10028BBB1 /* main.m in Sources */ = {isa = PBXBuildFile; fileRef = 1877CE5D219A57E10028BBB1 /* main.m */; };
		1877CE6D219A696E0028BBB1 /* NFTableViewCell.m in Sources */ = {isa = PBXBuildFile; fileRef = 1877CE6C219A696E0028BBB1 /* NFTableViewCell.m */; };
		1877CE70219A69AF0028BBB1 /* NFModel.m in Sources */ = {isa = PBXBuildFile; fileRef = 1877CE6F219A69AF0028BBB1 /* NFModel.m */; };
		1877CE73219A729F0028BBB1 /* NFImageView.m in Sources */ = {isa = PBXBuildFile; fileRef = 1877CE72219A729F0028BBB1 /* NFImageView.m */; };
		1877CE87219AA1530028BBB1 /* SDPhotoBrowser.m in Sources */ = {isa = PBXBuildFile; fileRef = 1877CE81219AA1530028BBB1 /* SDPhotoBrowser.m */; };
		1877CE88219AA1530028BBB1 /* SDWaitingView.m in Sources */ = {isa = PBXBuildFile; fileRef = 1877CE82219AA1530028BBB1 /* SDWaitingView.m */; };
		1877CE89219AA1530028BBB1 /* SDBrowserImageView.m in Sources */ = {isa = PBXBuildFile; fileRef = 1877CE83219AA1530028BBB1 /* SDBrowserImageView.m */; };
		188E606D21F969D4008CC9FB /* AppDelegate.m in Sources */ = {isa = PBXBuildFile; fileRef = 188E606C21F969D4008CC9FB /* AppDelegate.m */; };
		188E607021F969D4008CC9FB /* ViewController.m in Sources */ = {isa = PBXBuildFile; fileRef = 188E606F21F969D4008CC9FB /* ViewController.m */; };
		188E607321F969D4008CC9FB /* Main.storyboard in Resources */ = {isa = PBXBuildFile; fileRef = 188E607121F969D4008CC9FB /* Main.storyboard */; };
		188E607521F969D5008CC9FB /* Assets.xcassets in Resources */ = {isa = PBXBuildFile; fileRef = 188E607421F969D5008CC9FB /* Assets.xcassets */; };
		188E607821F969D5008CC9FB /* LaunchScreen.storyboard in Resources */ = {isa = PBXBuildFile; fileRef = 188E607621F969D5008CC9FB /* LaunchScreen.storyboard */; };
		188E607B21F969D5008CC9FB /* main.m in Sources */ = {isa = PBXBuildFile; fileRef = 188E607A21F969D5008CC9FB /* main.m */; };
		188E608221F984CC008CC9FB /* NFPlayer.m in Sources */ = {isa = PBXBuildFile; fileRef = 188E608121F984CC008CC9FB /* NFPlayer.m */; };
		188E608821F98BF6008CC9FB /* NFPlayerTabarView.m in Sources */ = {isa = PBXBuildFile; fileRef = 188E608721F98BF6008CC9FB /* NFPlayerTabarView.m */; };
		18A8973221B4C330001611B8 /* NFContactSort.m in Sources */ = {isa = PBXBuildFile; fileRef = 18A8973121B4C330001611B8 /* NFContactSort.m */; };
		18A8973521B4C365001611B8 /* ContactModel.m in Sources */ = {isa = PBXBuildFile; fileRef = 18A8973421B4C365001611B8 /* ContactModel.m */; };
		18B6D2FE224A098E00E418F0 /* main.m in Sources */ = {isa = PBXBuildFile; fileRef = 18B6D2FD224A098E00E418F0 /* main.m */; };
		18B6D304224A09C200E418F0 /* Person.m in Sources */ = {isa = PBXBuildFile; fileRef = 18B6D303224A09C200E418F0 /* Person.m */; };
		18DA9B9021E6F16A003AC7EE /* main.m in Sources */ = {isa = PBXBuildFile; fileRef = 18DA9B8F21E6F16A003AC7EE /* main.m */; };
		18DA9B9621E6F17C003AC7EE /* Single.m in Sources */ = {isa = PBXBuildFile; fileRef = 18DA9B9521E6F17C003AC7EE /* Single.m */; };
/* End PBXBuildFile section */

/* Begin PBXCopyFilesBuildPhase section */
		18B6D2F9224A098E00E418F0 /* CopyFiles */ = {
			isa = PBXCopyFilesBuildPhase;
			buildActionMask = 2147483647;
			dstPath = /usr/share/man/man1/;
			dstSubfolderSpec = 0;
			files = (
			);
			runOnlyForDeploymentPostprocessing = 1;
		};
		18DA9B8B21E6F16A003AC7EE /* CopyFiles */ = {
			isa = PBXCopyFilesBuildPhase;
			buildActionMask = 2147483647;
			dstPath = /usr/share/man/man1/;
			dstSubfolderSpec = 0;
			files = (
			);
			runOnlyForDeploymentPostprocessing = 1;
		};
/* End PBXCopyFilesBuildPhase section */

/* Begin PBXFileReference section */
		181B5E142193D786004BCC0B /* AppDemo.app */ = {isa = PBXFileReference; explicitFileType = wrapper.application; includeInIndex = 0; path = AppDemo.app; sourceTree = BUILT_PRODUCTS_DIR; };
		181B5E172193D786004BCC0B /* AppDelegate.h */ = {isa = PBXFileReference; lastKnownFileType = sourcecode.c.h; path = AppDelegate.h; sourceTree = "<group>"; };
		181B5E182193D786004BCC0B /* AppDelegate.m */ = {isa = PBXFileReference; lastKnownFileType = sourcecode.c.objc; path = AppDelegate.m; sourceTree = "<group>"; };
		181B5E1A2193D786004BCC0B /* ViewController.h */ = {isa = PBXFileReference; lastKnownFileType = sourcecode.c.h; path = ViewController.h; sourceTree = "<group>"; };
		181B5E1B2193D786004BCC0B /* ViewController.m */ = {isa = PBXFileReference; lastKnownFileType = sourcecode.c.objc; path = ViewController.m; sourceTree = "<group>"; };
		181B5E1E2193D786004BCC0B /* Base */ = {isa = PBXFileReference; lastKnownFileType = file.storyboard; name = Base; path = Base.lproj/Main.storyboard; sourceTree = "<group>"; };
		181B5E202193D787004BCC0B /* Assets.xcassets */ = {isa = PBXFileReference; lastKnownFileType = folder.assetcatalog; path = Assets.xcassets; sourceTree = "<group>"; };
		181B5E232193D787004BCC0B /* Base */ = {isa = PBXFileReference; lastKnownFileType = file.storyboard; name = Base; path = Base.lproj/LaunchScreen.storyboard; sourceTree = "<group>"; };
		181B5E252193D787004BCC0B /* Info.plist */ = {isa = PBXFileReference; lastKnownFileType = text.plist.xml; path = Info.plist; sourceTree = "<group>"; };
		181B5E262193D787004BCC0B /* main.m */ = {isa = PBXFileReference; lastKnownFileType = sourcecode.c.objc; path = main.m; sourceTree = "<group>"; };
		181B5E2D2193D7AA004BCC0B /* NFDownloadVideoManager.h */ = {isa = PBXFileReference; fileEncoding = 4; lastKnownFileType = sourcecode.c.h; path = NFDownloadVideoManager.h; sourceTree = "<group>"; };
		181B5E2E2193D7AA004BCC0B /* NFDownloadVideoManager.m */ = {isa = PBXFileReference; fileEncoding = 4; lastKnownFileType = sourcecode.c.objc; path = NFDownloadVideoManager.m; sourceTree = "<group>"; };
		181B5E342193DE62004BCC0B /* 定位.app */ = {isa = PBXFileReference; explicitFileType = wrapper.application; includeInIndex = 0; path = "定位.app"; sourceTree = BUILT_PRODUCTS_DIR; };
		181B5E362193DE62004BCC0B /* AppDelegate.h */ = {isa = PBXFileReference; lastKnownFileType = sourcecode.c.h; path = AppDelegate.h; sourceTree = "<group>"; };
		181B5E372193DE62004BCC0B /* AppDelegate.m */ = {isa = PBXFileReference; lastKnownFileType = sourcecode.c.objc; path = AppDelegate.m; sourceTree = "<group>"; };
		181B5E392193DE62004BCC0B /* ViewController.h */ = {isa = PBXFileReference; lastKnownFileType = sourcecode.c.h; path = ViewController.h; sourceTree = "<group>"; };
		181B5E3A2193DE62004BCC0B /* ViewController.m */ = {isa = PBXFileReference; lastKnownFileType = sourcecode.c.objc; path = ViewController.m; sourceTree = "<group>"; };
		181B5E3D2193DE62004BCC0B /* Base */ = {isa = PBXFileReference; lastKnownFileType = file.storyboard; name = Base; path = Base.lproj/Main.storyboard; sourceTree = "<group>"; };
		181B5E3F2193DE63004BCC0B /* Assets.xcassets */ = {isa = PBXFileReference; lastKnownFileType = folder.assetcatalog; path = Assets.xcassets; sourceTree = "<group>"; };
		181B5E422193DE63004BCC0B /* Base */ = {isa = PBXFileReference; lastKnownFileType = file.storyboard; name = Base; path = Base.lproj/LaunchScreen.storyboard; sourceTree = "<group>"; };
		181B5E442193DE63004BCC0B /* Info.plist */ = {isa = PBXFileReference; lastKnownFileType = text.plist.xml; path = Info.plist; sourceTree = "<group>"; };
		181B5E452193DE63004BCC0B /* main.m */ = {isa = PBXFileReference; lastKnownFileType = sourcecode.c.objc; path = main.m; sourceTree = "<group>"; };
		181B5E4A2193DEDB004BCC0B /* NFLocation.h */ = {isa = PBXFileReference; lastKnownFileType = sourcecode.c.h; path = NFLocation.h; sourceTree = "<group>"; };
		181B5E4B2193DEDB004BCC0B /* NFLocation.m */ = {isa = PBXFileReference; lastKnownFileType = sourcecode.c.objc; path = NFLocation.m; sourceTree = "<group>"; };
		181B5E522193E374004BCC0B /* 滴滴效果打车首页效果.app */ = {isa = PBXFileReference; explicitFileType = wrapper.application; includeInIndex = 0; path = "滴滴效果打车首页效果.app"; sourceTree = BUILT_PRODUCTS_DIR; };
		181B5E542193E374004BCC0B /* AppDelegate.h */ = {isa = PBXFileReference; lastKnownFileType = sourcecode.c.h; path = AppDelegate.h; sourceTree = "<group>"; };
		181B5E552193E374004BCC0B /* AppDelegate.m */ = {isa = PBXFileReference; lastKnownFileType = sourcecode.c.objc; path = AppDelegate.m; sourceTree = "<group>"; };
		181B5E572193E374004BCC0B /* ViewController.h */ = {isa = PBXFileReference; lastKnownFileType = sourcecode.c.h; path = ViewController.h; sourceTree = "<group>"; };
		181B5E582193E374004BCC0B /* ViewController.m */ = {isa = PBXFileReference; lastKnownFileType = sourcecode.c.objc; path = ViewController.m; sourceTree = "<group>"; };
		181B5E5B2193E374004BCC0B /* Base */ = {isa = PBXFileReference; lastKnownFileType = file.storyboard; name = Base; path = Base.lproj/Main.storyboard; sourceTree = "<group>"; };
		181B5E5D2193E375004BCC0B /* Assets.xcassets */ = {isa = PBXFileReference; lastKnownFileType = folder.assetcatalog; path = Assets.xcassets; sourceTree = "<group>"; };
		181B5E602193E375004BCC0B /* Base */ = {isa = PBXFileReference; lastKnownFileType = file.storyboard; name = Base; path = Base.lproj/LaunchScreen.storyboard; sourceTree = "<group>"; };
		181B5E622193E375004BCC0B /* Info.plist */ = {isa = PBXFileReference; lastKnownFileType = text.plist.xml; path = Info.plist; sourceTree = "<group>"; };
		181B5E632193E375004BCC0B /* main.m */ = {isa = PBXFileReference; lastKnownFileType = sourcecode.c.objc; path = main.m; sourceTree = "<group>"; };
		181B5E682193E390004BCC0B /* UITableView+Extension.m */ = {isa = PBXFileReference; fileEncoding = 4; lastKnownFileType = sourcecode.c.objc; path = "UITableView+Extension.m"; sourceTree = "<group>"; };
		181B5E692193E390004BCC0B /* UITableView+Extension.h */ = {isa = PBXFileReference; fileEncoding = 4; lastKnownFileType = sourcecode.c.h; path = "UITableView+Extension.h"; sourceTree = "<group>"; };
		181B5E6B2193E3E4004BCC0B /* TableViewCell.h */ = {isa = PBXFileReference; lastKnownFileType = sourcecode.c.h; path = TableViewCell.h; sourceTree = "<group>"; };
		181B5E6C2193E3E4004BCC0B /* TableViewCell.m */ = {isa = PBXFileReference; lastKnownFileType = sourcecode.c.objc; path = TableViewCell.m; sourceTree = "<group>"; };
		181B5E722193E52D004BCC0B /* 广播手动输入16进制数据.app */ = {isa = PBXFileReference; explicitFileType = wrapper.application; includeInIndex = 0; path = "广播手动输入16进制数据.app"; sourceTree = BUILT_PRODUCTS_DIR; };
		181B5E742193E52D004BCC0B /* AppDelegate.h */ = {isa = PBXFileReference; lastKnownFileType = sourcecode.c.h; path = AppDelegate.h; sourceTree = "<group>"; };
		181B5E752193E52D004BCC0B /* AppDelegate.m */ = {isa = PBXFileReference; lastKnownFileType = sourcecode.c.objc; path = AppDelegate.m; sourceTree = "<group>"; };
		181B5E772193E52D004BCC0B /* ViewController.h */ = {isa = PBXFileReference; lastKnownFileType = sourcecode.c.h; path = ViewController.h; sourceTree = "<group>"; };
		181B5E782193E52D004BCC0B /* ViewController.m */ = {isa = PBXFileReference; lastKnownFileType = sourcecode.c.objc; path = ViewController.m; sourceTree = "<group>"; };
		181B5E7B2193E52D004BCC0B /* Base */ = {isa = PBXFileReference; lastKnownFileType = file.storyboard; name = Base; path = Base.lproj/Main.storyboard; sourceTree = "<group>"; };
		181B5E7D2193E52E004BCC0B /* Assets.xcassets */ = {isa = PBXFileReference; lastKnownFileType = folder.assetcatalog; path = Assets.xcassets; sourceTree = "<group>"; };
		181B5E802193E52E004BCC0B /* Base */ = {isa = PBXFileReference; lastKnownFileType = file.storyboard; name = Base; path = Base.lproj/LaunchScreen.storyboard; sourceTree = "<group>"; };
		181B5E822193E52E004BCC0B /* Info.plist */ = {isa = PBXFileReference; lastKnownFileType = text.plist.xml; path = Info.plist; sourceTree = "<group>"; };
		181B5E832193E52E004BCC0B /* main.m */ = {isa = PBXFileReference; lastKnownFileType = sourcecode.c.objc; path = main.m; sourceTree = "<group>"; };
		181B5E882193E553004BCC0B /* PeripheralManager.m */ = {isa = PBXFileReference; fileEncoding = 4; lastKnownFileType = sourcecode.c.objc; path = PeripheralManager.m; sourceTree = "<group>"; };
		181B5E892193E553004BCC0B /* PeripheralManager.h */ = {isa = PBXFileReference; fileEncoding = 4; lastKnownFileType = sourcecode.c.h; path = PeripheralManager.h; sourceTree = "<group>"; };
		1832F72721B4BD7100BB54FD /* 通讯录.app */ = {isa = PBXFileReference; explicitFileType = wrapper.application; includeInIndex = 0; path = "通讯录.app"; sourceTree = BUILT_PRODUCTS_DIR; };
		1832F72921B4BD7100BB54FD /* AppDelegate.h */ = {isa = PBXFileReference; lastKnownFileType = sourcecode.c.h; path = AppDelegate.h; sourceTree = "<group>"; };
		1832F72A21B4BD7100BB54FD /* AppDelegate.m */ = {isa = PBXFileReference; lastKnownFileType = sourcecode.c.objc; path = AppDelegate.m; sourceTree = "<group>"; };
		1832F72C21B4BD7100BB54FD /* ViewController.h */ = {isa = PBXFileReference; lastKnownFileType = sourcecode.c.h; path = ViewController.h; sourceTree = "<group>"; };
		1832F72D21B4BD7100BB54FD /* ViewController.m */ = {isa = PBXFileReference; lastKnownFileType = sourcecode.c.objc; path = ViewController.m; sourceTree = "<group>"; };
		1832F73021B4BD7100BB54FD /* Base */ = {isa = PBXFileReference; lastKnownFileType = file.storyboard; name = Base; path = Base.lproj/Main.storyboard; sourceTree = "<group>"; };
		1832F73221B4BD7200BB54FD /* Assets.xcassets */ = {isa = PBXFileReference; lastKnownFileType = folder.assetcatalog; path = Assets.xcassets; sourceTree = "<group>"; };
		1832F73521B4BD7200BB54FD /* Base */ = {isa = PBXFileReference; lastKnownFileType = file.storyboard; name = Base; path = Base.lproj/LaunchScreen.storyboard; sourceTree = "<group>"; };
		1832F73721B4BD7200BB54FD /* Info.plist */ = {isa = PBXFileReference; lastKnownFileType = text.plist.xml; path = Info.plist; sourceTree = "<group>"; };
		1832F73821B4BD7200BB54FD /* main.m */ = {isa = PBXFileReference; lastKnownFileType = sourcecode.c.objc; path = main.m; sourceTree = "<group>"; };
		18372FDA22420ECF00E413DB /* 瀑布流.app */ = {isa = PBXFileReference; explicitFileType = wrapper.application; includeInIndex = 0; path = "瀑布流.app"; sourceTree = BUILT_PRODUCTS_DIR; };
		18372FDC22420ECF00E413DB /* AppDelegate.h */ = {isa = PBXFileReference; lastKnownFileType = sourcecode.c.h; path = AppDelegate.h; sourceTree = "<group>"; };
		18372FDD22420ECF00E413DB /* AppDelegate.m */ = {isa = PBXFileReference; lastKnownFileType = sourcecode.c.objc; path = AppDelegate.m; sourceTree = "<group>"; };
		18372FDF22420ECF00E413DB /* ViewController.h */ = {isa = PBXFileReference; lastKnownFileType = sourcecode.c.h; path = ViewController.h; sourceTree = "<group>"; };
		18372FE022420ECF00E413DB /* ViewController.m */ = {isa = PBXFileReference; lastKnownFileType = sourcecode.c.objc; path = ViewController.m; sourceTree = "<group>"; };
		18372FE322420ECF00E413DB /* Base */ = {isa = PBXFileReference; lastKnownFileType = file.storyboard; name = Base; path = Base.lproj/Main.storyboard; sourceTree = "<group>"; };
		18372FE522420ED100E413DB /* Assets.xcassets */ = {isa = PBXFileReference; lastKnownFileType = folder.assetcatalog; path = Assets.xcassets; sourceTree = "<group>"; };
		18372FE822420ED100E413DB /* Base */ = {isa = PBXFileReference; lastKnownFileType = file.storyboard; name = Base; path = Base.lproj/LaunchScreen.storyboard; sourceTree = "<group>"; };
		18372FEA22420ED100E413DB /* Info.plist */ = {isa = PBXFileReference; lastKnownFileType = text.plist.xml; path = Info.plist; sourceTree = "<group>"; };
		18372FEB22420ED100E413DB /* main.m */ = {isa = PBXFileReference; lastKnownFileType = sourcecode.c.objc; path = main.m; sourceTree = "<group>"; };
		18372FF02242123D00E413DB /* NFLayout.h */ = {isa = PBXFileReference; lastKnownFileType = sourcecode.c.h; path = NFLayout.h; sourceTree = "<group>"; };
		18372FF12242123D00E413DB /* NFLayout.m */ = {isa = PBXFileReference; lastKnownFileType = sourcecode.c.objc; path = NFLayout.m; sourceTree = "<group>"; };
		1839412121D71BCB00C4FAD3 /* HTML交互.app */ = {isa = PBXFileReference; explicitFileType = wrapper.application; includeInIndex = 0; path = "HTML交互.app"; sourceTree = BUILT_PRODUCTS_DIR; };
		1839412321D71BCB00C4FAD3 /* AppDelegate.h */ = {isa = PBXFileReference; lastKnownFileType = sourcecode.c.h; path = AppDelegate.h; sourceTree = "<group>"; };
		1839412421D71BCB00C4FAD3 /* AppDelegate.m */ = {isa = PBXFileReference; lastKnownFileType = sourcecode.c.objc; path = AppDelegate.m; sourceTree = "<group>"; };
		1839412621D71BCB00C4FAD3 /* ViewController.h */ = {isa = PBXFileReference; lastKnownFileType = sourcecode.c.h; path = ViewController.h; sourceTree = "<group>"; };
		1839412721D71BCB00C4FAD3 /* ViewController.m */ = {isa = PBXFileReference; lastKnownFileType = sourcecode.c.objc; path = ViewController.m; sourceTree = "<group>"; };
		1839412A21D71BCB00C4FAD3 /* Base */ = {isa = PBXFileReference; lastKnownFileType = file.storyboard; name = Base; path = Base.lproj/Main.storyboard; sourceTree = "<group>"; };
		1839412C21D71BCC00C4FAD3 /* Assets.xcassets */ = {isa = PBXFileReference; lastKnownFileType = folder.assetcatalog; path = Assets.xcassets; sourceTree = "<group>"; };
		1839412F21D71BCC00C4FAD3 /* Base */ = {isa = PBXFileReference; lastKnownFileType = file.storyboard; name = Base; path = Base.lproj/LaunchScreen.storyboard; sourceTree = "<group>"; };
		1839413121D71BCC00C4FAD3 /* Info.plist */ = {isa = PBXFileReference; lastKnownFileType = text.plist.xml; path = Info.plist; sourceTree = "<group>"; };
		1839413221D71BCC00C4FAD3 /* main.m */ = {isa = PBXFileReference; lastKnownFileType = sourcecode.c.objc; path = main.m; sourceTree = "<group>"; };
		1839413721D71C1A00C4FAD3 /* test.html */ = {isa = PBXFileReference; lastKnownFileType = text.html; path = test.html; sourceTree = "<group>"; };
		184DED3421FAE62C00E4C09B /* ViewController1.h */ = {isa = PBXFileReference; lastKnownFileType = sourcecode.c.h; path = ViewController1.h; sourceTree = "<group>"; };
		184DED3521FAE62C00E4C09B /* ViewController1.m */ = {isa = PBXFileReference; lastKnownFileType = sourcecode.c.objc; path = ViewController1.m; sourceTree = "<group>"; };
		184DED3721FAE67900E4C09B /* html.html */ = {isa = PBXFileReference; fileEncoding = 4; lastKnownFileType = text.html; path = html.html; sourceTree = "<group>"; };
		185A178521A2C0E700091A6F /* 选择冒泡排序.app */ = {isa = PBXFileReference; explicitFileType = wrapper.application; includeInIndex = 0; path = "选择冒泡排序.app"; sourceTree = BUILT_PRODUCTS_DIR; };
		185A178721A2C0E700091A6F /* AppDelegate.h */ = {isa = PBXFileReference; lastKnownFileType = sourcecode.c.h; path = AppDelegate.h; sourceTree = "<group>"; };
		185A178821A2C0E700091A6F /* AppDelegate.m */ = {isa = PBXFileReference; lastKnownFileType = sourcecode.c.objc; path = AppDelegate.m; sourceTree = "<group>"; };
		185A178A21A2C0E700091A6F /* ViewController.h */ = {isa = PBXFileReference; lastKnownFileType = sourcecode.c.h; path = ViewController.h; sourceTree = "<group>"; };
		185A178B21A2C0E700091A6F /* ViewController.m */ = {isa = PBXFileReference; lastKnownFileType = sourcecode.c.objc; path = ViewController.m; sourceTree = "<group>"; };
		185A178E21A2C0E700091A6F /* Base */ = {isa = PBXFileReference; lastKnownFileType = file.storyboard; name = Base; path = Base.lproj/Main.storyboard; sourceTree = "<group>"; };
		185A179021A2C0E900091A6F /* Assets.xcassets */ = {isa = PBXFileReference; lastKnownFileType = folder.assetcatalog; path = Assets.xcassets; sourceTree = "<group>"; };
		185A179321A2C0E900091A6F /* Base */ = {isa = PBXFileReference; lastKnownFileType = file.storyboard; name = Base; path = Base.lproj/LaunchScreen.storyboard; sourceTree = "<group>"; };
		185A179521A2C0E900091A6F /* Info.plist */ = {isa = PBXFileReference; lastKnownFileType = text.plist.xml; path = Info.plist; sourceTree = "<group>"; };
		185A179621A2C0E900091A6F /* main.m */ = {isa = PBXFileReference; lastKnownFileType = sourcecode.c.objc; path = main.m; sourceTree = "<group>"; };
		1877CE4C219A57E00028BBB1 /* 朋友圈.app */ = {isa = PBXFileReference; explicitFileType = wrapper.application; includeInIndex = 0; path = "朋友圈.app"; sourceTree = BUILT_PRODUCTS_DIR; };
		1877CE4E219A57E00028BBB1 /* AppDelegate.h */ = {isa = PBXFileReference; lastKnownFileType = sourcecode.c.h; path = AppDelegate.h; sourceTree = "<group>"; };
		1877CE4F219A57E00028BBB1 /* AppDelegate.m */ = {isa = PBXFileReference; lastKnownFileType = sourcecode.c.objc; path = AppDelegate.m; sourceTree = "<group>"; };
		1877CE51219A57E00028BBB1 /* ViewController.h */ = {isa = PBXFileReference; lastKnownFileType = sourcecode.c.h; path = ViewController.h; sourceTree = "<group>"; };
		1877CE52219A57E00028BBB1 /* ViewController.m */ = {isa = PBXFileReference; lastKnownFileType = sourcecode.c.objc; path = ViewController.m; sourceTree = "<group>"; };
		1877CE55219A57E00028BBB1 /* Base */ = {isa = PBXFileReference; lastKnownFileType = file.storyboard; name = Base; path = Base.lproj/Main.storyboard; sourceTree = "<group>"; };
		1877CE57219A57E10028BBB1 /* Assets.xcassets */ = {isa = PBXFileReference; lastKnownFileType = folder.assetcatalog; path = Assets.xcassets; sourceTree = "<group>"; };
		1877CE5A219A57E10028BBB1 /* Base */ = {isa = PBXFileReference; lastKnownFileType = file.storyboard; name = Base; path = Base.lproj/LaunchScreen.storyboard; sourceTree = "<group>"; };
		1877CE5C219A57E10028BBB1 /* Info.plist */ = {isa = PBXFileReference; lastKnownFileType = text.plist.xml; path = Info.plist; sourceTree = "<group>"; };
		1877CE5D219A57E10028BBB1 /* main.m */ = {isa = PBXFileReference; lastKnownFileType = sourcecode.c.objc; path = main.m; sourceTree = "<group>"; };
		1877CE6B219A696E0028BBB1 /* NFTableViewCell.h */ = {isa = PBXFileReference; lastKnownFileType = sourcecode.c.h; path = NFTableViewCell.h; sourceTree = "<group>"; };
		1877CE6C219A696E0028BBB1 /* NFTableViewCell.m */ = {isa = PBXFileReference; lastKnownFileType = sourcecode.c.objc; path = NFTableViewCell.m; sourceTree = "<group>"; };
		1877CE6E219A69AF0028BBB1 /* NFModel.h */ = {isa = PBXFileReference; lastKnownFileType = sourcecode.c.h; path = NFModel.h; sourceTree = "<group>"; };
		1877CE6F219A69AF0028BBB1 /* NFModel.m */ = {isa = PBXFileReference; lastKnownFileType = sourcecode.c.objc; path = NFModel.m; sourceTree = "<group>"; };
		1877CE71219A729F0028BBB1 /* NFImageView.h */ = {isa = PBXFileReference; lastKnownFileType = sourcecode.c.h; path = NFImageView.h; sourceTree = "<group>"; };
		1877CE72219A729F0028BBB1 /* NFImageView.m */ = {isa = PBXFileReference; lastKnownFileType = sourcecode.c.objc; path = NFImageView.m; sourceTree = "<group>"; };
		1877CE80219AA1530028BBB1 /* SDPhotoBrowserConfig.h */ = {isa = PBXFileReference; fileEncoding = 4; lastKnownFileType = sourcecode.c.h; path = SDPhotoBrowserConfig.h; sourceTree = "<group>"; };
		1877CE81219AA1530028BBB1 /* SDPhotoBrowser.m */ = {isa = PBXFileReference; fileEncoding = 4; lastKnownFileType = sourcecode.c.objc; path = SDPhotoBrowser.m; sourceTree = "<group>"; };
		1877CE82219AA1530028BBB1 /* SDWaitingView.m */ = {isa = PBXFileReference; fileEncoding = 4; lastKnownFileType = sourcecode.c.objc; path = SDWaitingView.m; sourceTree = "<group>"; };
		1877CE83219AA1530028BBB1 /* SDBrowserImageView.m */ = {isa = PBXFileReference; fileEncoding = 4; lastKnownFileType = sourcecode.c.objc; path = SDBrowserImageView.m; sourceTree = "<group>"; };
		1877CE84219AA1530028BBB1 /* SDWaitingView.h */ = {isa = PBXFileReference; fileEncoding = 4; lastKnownFileType = sourcecode.c.h; path = SDWaitingView.h; sourceTree = "<group>"; };
		1877CE85219AA1530028BBB1 /* SDPhotoBrowser.h */ = {isa = PBXFileReference; fileEncoding = 4; lastKnownFileType = sourcecode.c.h; path = SDPhotoBrowser.h; sourceTree = "<group>"; };
		1877CE86219AA1530028BBB1 /* SDBrowserImageView.h */ = {isa = PBXFileReference; fileEncoding = 4; lastKnownFileType = sourcecode.c.h; path = SDBrowserImageView.h; sourceTree = "<group>"; };
		188E606921F969D3008CC9FB /* 视频播放.app */ = {isa = PBXFileReference; explicitFileType = wrapper.application; includeInIndex = 0; path = "视频播放.app"; sourceTree = BUILT_PRODUCTS_DIR; };
		188E606B21F969D4008CC9FB /* AppDelegate.h */ = {isa = PBXFileReference; lastKnownFileType = sourcecode.c.h; path = AppDelegate.h; sourceTree = "<group>"; };
		188E606C21F969D4008CC9FB /* AppDelegate.m */ = {isa = PBXFileReference; lastKnownFileType = sourcecode.c.objc; path = AppDelegate.m; sourceTree = "<group>"; };
		188E606E21F969D4008CC9FB /* ViewController.h */ = {isa = PBXFileReference; lastKnownFileType = sourcecode.c.h; path = ViewController.h; sourceTree = "<group>"; };
		188E606F21F969D4008CC9FB /* ViewController.m */ = {isa = PBXFileReference; lastKnownFileType = sourcecode.c.objc; path = ViewController.m; sourceTree = "<group>"; };
		188E607221F969D4008CC9FB /* Base */ = {isa = PBXFileReference; lastKnownFileType = file.storyboard; name = Base; path = Base.lproj/Main.storyboard; sourceTree = "<group>"; };
		188E607421F969D5008CC9FB /* Assets.xcassets */ = {isa = PBXFileReference; lastKnownFileType = folder.assetcatalog; path = Assets.xcassets; sourceTree = "<group>"; };
		188E607721F969D5008CC9FB /* Base */ = {isa = PBXFileReference; lastKnownFileType = file.storyboard; name = Base; path = Base.lproj/LaunchScreen.storyboard; sourceTree = "<group>"; };
		188E607921F969D5008CC9FB /* Info.plist */ = {isa = PBXFileReference; lastKnownFileType = text.plist.xml; path = Info.plist; sourceTree = "<group>"; };
		188E607A21F969D5008CC9FB /* main.m */ = {isa = PBXFileReference; lastKnownFileType = sourcecode.c.objc; path = main.m; sourceTree = "<group>"; };
		188E608021F984CC008CC9FB /* NFPlayer.h */ = {isa = PBXFileReference; lastKnownFileType = sourcecode.c.h; path = NFPlayer.h; sourceTree = "<group>"; };
		188E608121F984CC008CC9FB /* NFPlayer.m */ = {isa = PBXFileReference; lastKnownFileType = sourcecode.c.objc; path = NFPlayer.m; sourceTree = "<group>"; };
		188E608621F98BF6008CC9FB /* NFPlayerTabarView.h */ = {isa = PBXFileReference; lastKnownFileType = sourcecode.c.h; path = NFPlayerTabarView.h; sourceTree = "<group>"; };
		188E608721F98BF6008CC9FB /* NFPlayerTabarView.m */ = {isa = PBXFileReference; lastKnownFileType = sourcecode.c.objc; path = NFPlayerTabarView.m; sourceTree = "<group>"; };
		18A8973021B4C330001611B8 /* NFContactSort.h */ = {isa = PBXFileReference; lastKnownFileType = sourcecode.c.h; path = NFContactSort.h; sourceTree = "<group>"; };
		18A8973121B4C330001611B8 /* NFContactSort.m */ = {isa = PBXFileReference; lastKnownFileType = sourcecode.c.objc; path = NFContactSort.m; sourceTree = "<group>"; };
		18A8973321B4C365001611B8 /* ContactModel.h */ = {isa = PBXFileReference; lastKnownFileType = sourcecode.c.h; path = ContactModel.h; sourceTree = "<group>"; };
		18A8973421B4C365001611B8 /* ContactModel.m */ = {isa = PBXFileReference; lastKnownFileType = sourcecode.c.objc; path = ContactModel.m; sourceTree = "<group>"; };
		18B6D2FB224A098E00E418F0 /* Runtime */ = {isa = PBXFileReference; explicitFileType = "compiled.mach-o.executable"; includeInIndex = 0; path = Runtime; sourceTree = BUILT_PRODUCTS_DIR; };
		18B6D2FD224A098E00E418F0 /* main.m */ = {isa = PBXFileReference; lastKnownFileType = sourcecode.c.objc; path = main.m; sourceTree = "<group>"; };
		18B6D302224A09C200E418F0 /* Person.h */ = {isa = PBXFileReference; lastKnownFileType = sourcecode.c.h; path = Person.h; sourceTree = "<group>"; };
		18B6D303224A09C200E418F0 /* Person.m */ = {isa = PBXFileReference; lastKnownFileType = sourcecode.c.objc; path = Person.m; sourceTree = "<group>"; };
		18DA9B8D21E6F16A003AC7EE /* 单例 */ = {isa = PBXFileReference; explicitFileType = "compiled.mach-o.executable"; includeInIndex = 0; path = "单例"; sourceTree = BUILT_PRODUCTS_DIR; };
		18DA9B8F21E6F16A003AC7EE /* main.m */ = {isa = PBXFileReference; lastKnownFileType = sourcecode.c.objc; path = main.m; sourceTree = "<group>"; };
		18DA9B9421E6F17C003AC7EE /* Single.h */ = {isa = PBXFileReference; lastKnownFileType = sourcecode.c.h; path = Single.h; sourceTree = "<group>"; };
		18DA9B9521E6F17C003AC7EE /* Single.m */ = {isa = PBXFileReference; lastKnownFileType = sourcecode.c.objc; path = Single.m; sourceTree = "<group>"; };
/* End PBXFileReference section */

/* Begin PBXFrameworksBuildPhase section */
		181B5E112193D786004BCC0B /* Frameworks */ = {
			isa = PBXFrameworksBuildPhase;
			buildActionMask = 2147483647;
			files = (
			);
			runOnlyForDeploymentPostprocessing = 0;
		};
		181B5E312193DE62004BCC0B /* Frameworks */ = {
			isa = PBXFrameworksBuildPhase;
			buildActionMask = 2147483647;
			files = (
			);
			runOnlyForDeploymentPostprocessing = 0;
		};
		181B5E4F2193E374004BCC0B /* Frameworks */ = {
			isa = PBXFrameworksBuildPhase;
			buildActionMask = 2147483647;
			files = (
			);
			runOnlyForDeploymentPostprocessing = 0;
		};
		181B5E6F2193E52D004BCC0B /* Frameworks */ = {
			isa = PBXFrameworksBuildPhase;
			buildActionMask = 2147483647;
			files = (
			);
			runOnlyForDeploymentPostprocessing = 0;
		};
		1832F72421B4BD7100BB54FD /* Frameworks */ = {
			isa = PBXFrameworksBuildPhase;
			buildActionMask = 2147483647;
			files = (
			);
			runOnlyForDeploymentPostprocessing = 0;
		};
		18372FD722420ECF00E413DB /* Frameworks */ = {
			isa = PBXFrameworksBuildPhase;
			buildActionMask = 2147483647;
			files = (
			);
			runOnlyForDeploymentPostprocessing = 0;
		};
		1839411E21D71BCB00C4FAD3 /* Frameworks */ = {
			isa = PBXFrameworksBuildPhase;
			buildActionMask = 2147483647;
			files = (
			);
			runOnlyForDeploymentPostprocessing = 0;
		};
		185A178221A2C0E700091A6F /* Frameworks */ = {
			isa = PBXFrameworksBuildPhase;
			buildActionMask = 2147483647;
			files = (
			);
			runOnlyForDeploymentPostprocessing = 0;
		};
		1877CE49219A57E00028BBB1 /* Frameworks */ = {
			isa = PBXFrameworksBuildPhase;
			buildActionMask = 2147483647;
			files = (
			);
			runOnlyForDeploymentPostprocessing = 0;
		};
		188E606621F969D3008CC9FB /* Frameworks */ = {
			isa = PBXFrameworksBuildPhase;
			buildActionMask = 2147483647;
			files = (
			);
			runOnlyForDeploymentPostprocessing = 0;
		};
		18B6D2F8224A098E00E418F0 /* Frameworks */ = {
			isa = PBXFrameworksBuildPhase;
			buildActionMask = 2147483647;
			files = (
			);
			runOnlyForDeploymentPostprocessing = 0;
		};
		18DA9B8A21E6F16A003AC7EE /* Frameworks */ = {
			isa = PBXFrameworksBuildPhase;
			buildActionMask = 2147483647;
			files = (
			);
			runOnlyForDeploymentPostprocessing = 0;
		};
/* End PBXFrameworksBuildPhase section */

/* Begin PBXGroup section */
		181B5E0B2193D786004BCC0B = {
			isa = PBXGroup;
			children = (
				181B5E162193D786004BCC0B /* AppDemo */,
				181B5E352193DE62004BCC0B /* 定位 */,
				181B5E532193E374004BCC0B /* 滴滴效果打车首页效果 */,
				181B5E732193E52D004BCC0B /* 广播手动输入16进制数据 */,
				1877CE4D219A57E00028BBB1 /* 朋友圈 */,
				185A178621A2C0E700091A6F /* 选择冒泡排序 */,
				1832F72821B4BD7100BB54FD /* 通讯录 */,
				1839412221D71BCB00C4FAD3 /* HTML交互 */,
				18DA9B8E21E6F16A003AC7EE /* 单例 */,
				188E606A21F969D3008CC9FB /* 视频播放 */,
				18372FDB22420ECF00E413DB /* 瀑布流 */,
				18B6D2FC224A098E00E418F0 /* Runtime */,
				181B5E152193D786004BCC0B /* Products */,
			);
			sourceTree = "<group>";
		};
		181B5E152193D786004BCC0B /* Products */ = {
			isa = PBXGroup;
			children = (
				181B5E142193D786004BCC0B /* AppDemo.app */,
				181B5E342193DE62004BCC0B /* 定位.app */,
				181B5E522193E374004BCC0B /* 滴滴效果打车首页效果.app */,
				181B5E722193E52D004BCC0B /* 广播手动输入16进制数据.app */,
				1877CE4C219A57E00028BBB1 /* 朋友圈.app */,
				185A178521A2C0E700091A6F /* 选择冒泡排序.app */,
				1832F72721B4BD7100BB54FD /* 通讯录.app */,
				1839412121D71BCB00C4FAD3 /* HTML交互.app */,
				18DA9B8D21E6F16A003AC7EE /* 单例 */,
				188E606921F969D3008CC9FB /* 视频播放.app */,
				18372FDA22420ECF00E413DB /* 瀑布流.app */,
				18B6D2FB224A098E00E418F0 /* Runtime */,
			);
			name = Products;
			sourceTree = "<group>";
		};
		181B5E162193D786004BCC0B /* AppDemo */ = {
			isa = PBXGroup;
			children = (
				181B5E172193D786004BCC0B /* AppDelegate.h */,
				181B5E182193D786004BCC0B /* AppDelegate.m */,
				181B5E2D2193D7AA004BCC0B /* NFDownloadVideoManager.h */,
				181B5E2E2193D7AA004BCC0B /* NFDownloadVideoManager.m */,
				181B5E1A2193D786004BCC0B /* ViewController.h */,
				181B5E1B2193D786004BCC0B /* ViewController.m */,
				181B5E1D2193D786004BCC0B /* Main.storyboard */,
				181B5E202193D787004BCC0B /* Assets.xcassets */,
				181B5E222193D787004BCC0B /* LaunchScreen.storyboard */,
				181B5E252193D787004BCC0B /* Info.plist */,
				181B5E262193D787004BCC0B /* main.m */,
			);
			path = AppDemo;
			sourceTree = "<group>";
		};
		181B5E352193DE62004BCC0B /* 定位 */ = {
			isa = PBXGroup;
			children = (
				181B5E362193DE62004BCC0B /* AppDelegate.h */,
				181B5E372193DE62004BCC0B /* AppDelegate.m */,
				181B5E392193DE62004BCC0B /* ViewController.h */,
				181B5E3A2193DE62004BCC0B /* ViewController.m */,
				181B5E4A2193DEDB004BCC0B /* NFLocation.h */,
				181B5E4B2193DEDB004BCC0B /* NFLocation.m */,
				181B5E3C2193DE62004BCC0B /* Main.storyboard */,
				181B5E3F2193DE63004BCC0B /* Assets.xcassets */,
				181B5E412193DE63004BCC0B /* LaunchScreen.storyboard */,
				181B5E442193DE63004BCC0B /* Info.plist */,
				181B5E452193DE63004BCC0B /* main.m */,
			);
			path = "定位";
			sourceTree = "<group>";
		};
		181B5E532193E374004BCC0B /* 滴滴效果打车首页效果 */ = {
			isa = PBXGroup;
			children = (
				181B5E542193E374004BCC0B /* AppDelegate.h */,
				181B5E552193E374004BCC0B /* AppDelegate.m */,
				181B5E572193E374004BCC0B /* ViewController.h */,
				181B5E582193E374004BCC0B /* ViewController.m */,
				181B5E6B2193E3E4004BCC0B /* TableViewCell.h */,
				181B5E6C2193E3E4004BCC0B /* TableViewCell.m */,
				181B5E692193E390004BCC0B /* UITableView+Extension.h */,
				181B5E682193E390004BCC0B /* UITableView+Extension.m */,
				181B5E5A2193E374004BCC0B /* Main.storyboard */,
				181B5E5D2193E375004BCC0B /* Assets.xcassets */,
				181B5E5F2193E375004BCC0B /* LaunchScreen.storyboard */,
				181B5E622193E375004BCC0B /* Info.plist */,
				181B5E632193E375004BCC0B /* main.m */,
			);
			path = "滴滴效果打车首页效果";
			sourceTree = "<group>";
		};
		181B5E732193E52D004BCC0B /* 广播手动输入16进制数据 */ = {
			isa = PBXGroup;
			children = (
				181B5E742193E52D004BCC0B /* AppDelegate.h */,
				181B5E752193E52D004BCC0B /* AppDelegate.m */,
				181B5E772193E52D004BCC0B /* ViewController.h */,
				181B5E782193E52D004BCC0B /* ViewController.m */,
				181B5E892193E553004BCC0B /* PeripheralManager.h */,
				181B5E882193E553004BCC0B /* PeripheralManager.m */,
				181B5E7A2193E52D004BCC0B /* Main.storyboard */,
				181B5E7D2193E52E004BCC0B /* Assets.xcassets */,
				181B5E7F2193E52E004BCC0B /* LaunchScreen.storyboard */,
				181B5E822193E52E004BCC0B /* Info.plist */,
				181B5E832193E52E004BCC0B /* main.m */,
			);
			path = "广播手动输入16进制数据";
			sourceTree = "<group>";
		};
		1832F72821B4BD7100BB54FD /* 通讯录 */ = {
			isa = PBXGroup;
			children = (
				1832F72921B4BD7100BB54FD /* AppDelegate.h */,
				1832F72A21B4BD7100BB54FD /* AppDelegate.m */,
				1832F72C21B4BD7100BB54FD /* ViewController.h */,
				1832F72D21B4BD7100BB54FD /* ViewController.m */,
				18A8973021B4C330001611B8 /* NFContactSort.h */,
				18A8973121B4C330001611B8 /* NFContactSort.m */,
				18A8973321B4C365001611B8 /* ContactModel.h */,
				18A8973421B4C365001611B8 /* ContactModel.m */,
				1832F72F21B4BD7100BB54FD /* Main.storyboard */,
				1832F73221B4BD7200BB54FD /* Assets.xcassets */,
				1832F73421B4BD7200BB54FD /* LaunchScreen.storyboard */,
				1832F73721B4BD7200BB54FD /* Info.plist */,
				1832F73821B4BD7200BB54FD /* main.m */,
			);
			path = "通讯录";
			sourceTree = "<group>";
		};
		18372FDB22420ECF00E413DB /* 瀑布流 */ = {
			isa = PBXGroup;
			children = (
				18372FDC22420ECF00E413DB /* AppDelegate.h */,
				18372FDD22420ECF00E413DB /* AppDelegate.m */,
				18372FDF22420ECF00E413DB /* ViewController.h */,
				18372FE022420ECF00E413DB /* ViewController.m */,
				18372FF02242123D00E413DB /* NFLayout.h */,
				18372FF12242123D00E413DB /* NFLayout.m */,
				18372FE222420ECF00E413DB /* Main.storyboard */,
				18372FE522420ED100E413DB /* Assets.xcassets */,
				18372FE722420ED100E413DB /* LaunchScreen.storyboard */,
				18372FEA22420ED100E413DB /* Info.plist */,
				18372FEB22420ED100E413DB /* main.m */,
			);
			path = "瀑布流";
			sourceTree = "<group>";
		};
		1839412221D71BCB00C4FAD3 /* HTML交互 */ = {
			isa = PBXGroup;
			children = (
				1839412321D71BCB00C4FAD3 /* AppDelegate.h */,
				1839412421D71BCB00C4FAD3 /* AppDelegate.m */,
				1839412621D71BCB00C4FAD3 /* ViewController.h */,
				1839412721D71BCB00C4FAD3 /* ViewController.m */,
				184DED3721FAE67900E4C09B /* html.html */,
				184DED3421FAE62C00E4C09B /* ViewController1.h */,
				184DED3521FAE62C00E4C09B /* ViewController1.m */,
				1839413721D71C1A00C4FAD3 /* test.html */,
				1839412921D71BCB00C4FAD3 /* Main.storyboard */,
				1839412C21D71BCC00C4FAD3 /* Assets.xcassets */,
				1839412E21D71BCC00C4FAD3 /* LaunchScreen.storyboard */,
				1839413121D71BCC00C4FAD3 /* Info.plist */,
				1839413221D71BCC00C4FAD3 /* main.m */,
			);
			path = "HTML交互";
			sourceTree = "<group>";
		};
		185A178621A2C0E700091A6F /* 选择冒泡排序 */ = {
			isa = PBXGroup;
			children = (
				185A178721A2C0E700091A6F /* AppDelegate.h */,
				185A178821A2C0E700091A6F /* AppDelegate.m */,
				185A178A21A2C0E700091A6F /* ViewController.h */,
				185A178B21A2C0E700091A6F /* ViewController.m */,
				185A178D21A2C0E700091A6F /* Main.storyboard */,
				185A179021A2C0E900091A6F /* Assets.xcassets */,
				185A179221A2C0E900091A6F /* LaunchScreen.storyboard */,
				185A179521A2C0E900091A6F /* Info.plist */,
				185A179621A2C0E900091A6F /* main.m */,
			);
			path = "选择冒泡排序";
			sourceTree = "<group>";
		};
		1877CE4D219A57E00028BBB1 /* 朋友圈 */ = {
			isa = PBXGroup;
			children = (
				1877CE4E219A57E00028BBB1 /* AppDelegate.h */,
				1877CE4F219A57E00028BBB1 /* AppDelegate.m */,
				1877CE65219A5C8C0028BBB1 /* Controller */,
				1877CE66219A5CA00028BBB1 /* View */,
				1877CE67219A5CA60028BBB1 /* Model */,
				1877CE54219A57E00028BBB1 /* Main.storyboard */,
				1877CE7F219AA1530028BBB1 /* SDPhotoBrowser */,
				1877CE57219A57E10028BBB1 /* Assets.xcassets */,
				1877CE59219A57E10028BBB1 /* LaunchScreen.storyboard */,
				1877CE5C219A57E10028BBB1 /* Info.plist */,
				1877CE5D219A57E10028BBB1 /* main.m */,
			);
			path = "朋友圈";
			sourceTree = "<group>";
		};
		1877CE65219A5C8C0028BBB1 /* Controller */ = {
			isa = PBXGroup;
			children = (
				1877CE51219A57E00028BBB1 /* ViewController.h */,
				1877CE52219A57E00028BBB1 /* ViewController.m */,
			);
			path = Controller;
			sourceTree = "<group>";
		};
		1877CE66219A5CA00028BBB1 /* View */ = {
			isa = PBXGroup;
			children = (
				1877CE6B219A696E0028BBB1 /* NFTableViewCell.h */,
				1877CE6C219A696E0028BBB1 /* NFTableViewCell.m */,
				1877CE71219A729F0028BBB1 /* NFImageView.h */,
				1877CE72219A729F0028BBB1 /* NFImageView.m */,
			);
			path = View;
			sourceTree = "<group>";
		};
		1877CE67219A5CA60028BBB1 /* Model */ = {
			isa = PBXGroup;
			children = (
				1877CE6E219A69AF0028BBB1 /* NFModel.h */,
				1877CE6F219A69AF0028BBB1 /* NFModel.m */,
			);
			path = Model;
			sourceTree = "<group>";
		};
		1877CE7F219AA1530028BBB1 /* SDPhotoBrowser */ = {
			isa = PBXGroup;
			children = (
				1877CE80219AA1530028BBB1 /* SDPhotoBrowserConfig.h */,
				1877CE81219AA1530028BBB1 /* SDPhotoBrowser.m */,
				1877CE82219AA1530028BBB1 /* SDWaitingView.m */,
				1877CE83219AA1530028BBB1 /* SDBrowserImageView.m */,
				1877CE84219AA1530028BBB1 /* SDWaitingView.h */,
				1877CE85219AA1530028BBB1 /* SDPhotoBrowser.h */,
				1877CE86219AA1530028BBB1 /* SDBrowserImageView.h */,
			);
			path = SDPhotoBrowser;
			sourceTree = "<group>";
		};
		188E606A21F969D3008CC9FB /* 视频播放 */ = {
			isa = PBXGroup;
			children = (
				188E606B21F969D4008CC9FB /* AppDelegate.h */,
				188E606C21F969D4008CC9FB /* AppDelegate.m */,
				188E606E21F969D4008CC9FB /* ViewController.h */,
				188E606F21F969D4008CC9FB /* ViewController.m */,
				188E607F21F984AA008CC9FB /* Player */,
				188E607121F969D4008CC9FB /* Main.storyboard */,
				188E607421F969D5008CC9FB /* Assets.xcassets */,
				188E607621F969D5008CC9FB /* LaunchScreen.storyboard */,
				188E607921F969D5008CC9FB /* Info.plist */,
				188E607A21F969D5008CC9FB /* main.m */,
			);
			path = "视频播放";
			sourceTree = "<group>";
		};
		188E607F21F984AA008CC9FB /* Player */ = {
			isa = PBXGroup;
			children = (
				188E608021F984CC008CC9FB /* NFPlayer.h */,
				188E608121F984CC008CC9FB /* NFPlayer.m */,
				188E608621F98BF6008CC9FB /* NFPlayerTabarView.h */,
				188E608721F98BF6008CC9FB /* NFPlayerTabarView.m */,
			);
			path = Player;
			sourceTree = "<group>";
		};
		18B6D2FC224A098E00E418F0 /* Runtime */ = {
			isa = PBXGroup;
			children = (
				18B6D2FD224A098E00E418F0 /* main.m */,
				18B6D302224A09C200E418F0 /* Person.h */,
				18B6D303224A09C200E418F0 /* Person.m */,
			);
			path = Runtime;
			sourceTree = "<group>";
		};
		18DA9B8E21E6F16A003AC7EE /* 单例 */ = {
			isa = PBXGroup;
			children = (
				18DA9B8F21E6F16A003AC7EE /* main.m */,
				18DA9B9421E6F17C003AC7EE /* Single.h */,
				18DA9B9521E6F17C003AC7EE /* Single.m */,
			);
			path = "单例";
			sourceTree = "<group>";
		};
/* End PBXGroup section */

/* Begin PBXNativeTarget section */
		181B5E132193D786004BCC0B /* AppDemo */ = {
			isa = PBXNativeTarget;
			buildConfigurationList = 181B5E2A2193D787004BCC0B /* Build configuration list for PBXNativeTarget "AppDemo" */;
			buildPhases = (
				181B5E102193D786004BCC0B /* Sources */,
				181B5E112193D786004BCC0B /* Frameworks */,
				181B5E122193D786004BCC0B /* Resources */,
			);
			buildRules = (
			);
			dependencies = (
			);
			name = AppDemo;
			productName = AppDemo;
			productReference = 181B5E142193D786004BCC0B /* AppDemo.app */;
			productType = "com.apple.product-type.application";
		};
		181B5E332193DE62004BCC0B /* 定位 */ = {
			isa = PBXNativeTarget;
			buildConfigurationList = 181B5E492193DE63004BCC0B /* Build configuration list for PBXNativeTarget "定位" */;
			buildPhases = (
				181B5E302193DE62004BCC0B /* Sources */,
				181B5E312193DE62004BCC0B /* Frameworks */,
				181B5E322193DE62004BCC0B /* Resources */,
			);
			buildRules = (
			);
			dependencies = (
			);
			name = "定位";
			productName = "定位";
			productReference = 181B5E342193DE62004BCC0B /* 定位.app */;
			productType = "com.apple.product-type.application";
		};
		181B5E512193E374004BCC0B /* 滴滴效果打车首页效果 */ = {
			isa = PBXNativeTarget;
			buildConfigurationList = 181B5E652193E375004BCC0B /* Build configuration list for PBXNativeTarget "滴滴效果打车首页效果" */;
			buildPhases = (
				181B5E4E2193E374004BCC0B /* Sources */,
				181B5E4F2193E374004BCC0B /* Frameworks */,
				181B5E502193E374004BCC0B /* Resources */,
			);
			buildRules = (
			);
			dependencies = (
			);
			name = "滴滴效果打车首页效果";
			productName = "滴滴效果打车首页效果";
			productReference = 181B5E522193E374004BCC0B /* 滴滴效果打车首页效果.app */;
			productType = "com.apple.product-type.application";
		};
		181B5E712193E52D004BCC0B /* 广播手动输入16进制数据 */ = {
			isa = PBXNativeTarget;
			buildConfigurationList = 181B5E852193E52E004BCC0B /* Build configuration list for PBXNativeTarget "广播手动输入16进制数据" */;
			buildPhases = (
				181B5E6E2193E52D004BCC0B /* Sources */,
				181B5E6F2193E52D004BCC0B /* Frameworks */,
				181B5E702193E52D004BCC0B /* Resources */,
			);
			buildRules = (
			);
			dependencies = (
			);
			name = "广播手动输入16进制数据";
			productName = "广播手动输入16进制数据";
			productReference = 181B5E722193E52D004BCC0B /* 广播手动输入16进制数据.app */;
			productType = "com.apple.product-type.application";
		};
		1832F72621B4BD7100BB54FD /* 通讯录 */ = {
			isa = PBXNativeTarget;
			buildConfigurationList = 1832F73C21B4BD7200BB54FD /* Build configuration list for PBXNativeTarget "通讯录" */;
			buildPhases = (
				1832F72321B4BD7100BB54FD /* Sources */,
				1832F72421B4BD7100BB54FD /* Frameworks */,
				1832F72521B4BD7100BB54FD /* Resources */,
			);
			buildRules = (
			);
			dependencies = (
			);
			name = "通讯录";
			productName = "通讯录";
			productReference = 1832F72721B4BD7100BB54FD /* 通讯录.app */;
			productType = "com.apple.product-type.application";
		};
		18372FD922420ECF00E413DB /* 瀑布流 */ = {
			isa = PBXNativeTarget;
			buildConfigurationList = 18372FEF22420ED100E413DB /* Build configuration list for PBXNativeTarget "瀑布流" */;
			buildPhases = (
				18372FD622420ECF00E413DB /* Sources */,
				18372FD722420ECF00E413DB /* Frameworks */,
				18372FD822420ECF00E413DB /* Resources */,
			);
			buildRules = (
			);
			dependencies = (
			);
			name = "瀑布流";
			productName = "瀑布流";
			productReference = 18372FDA22420ECF00E413DB /* 瀑布流.app */;
			productType = "com.apple.product-type.application";
		};
		1839412021D71BCB00C4FAD3 /* HTML交互 */ = {
			isa = PBXNativeTarget;
			buildConfigurationList = 1839413621D71BCC00C4FAD3 /* Build configuration list for PBXNativeTarget "HTML交互" */;
			buildPhases = (
				1839411D21D71BCB00C4FAD3 /* Sources */,
				1839411E21D71BCB00C4FAD3 /* Frameworks */,
				1839411F21D71BCB00C4FAD3 /* Resources */,
			);
			buildRules = (
			);
			dependencies = (
			);
			name = "HTML交互";
			productName = "HTML交互";
			productReference = 1839412121D71BCB00C4FAD3 /* HTML交互.app */;
			productType = "com.apple.product-type.application";
		};
		185A178421A2C0E700091A6F /* 选择冒泡排序 */ = {
			isa = PBXNativeTarget;
			buildConfigurationList = 185A179A21A2C0E900091A6F /* Build configuration list for PBXNativeTarget "选择冒泡排序" */;
			buildPhases = (
				185A178121A2C0E700091A6F /* Sources */,
				185A178221A2C0E700091A6F /* Frameworks */,
				185A178321A2C0E700091A6F /* Resources */,
			);
			buildRules = (
			);
			dependencies = (
			);
			name = "选择冒泡排序";
			productName = "选择冒泡排序";
			productReference = 185A178521A2C0E700091A6F /* 选择冒泡排序.app */;
			productType = "com.apple.product-type.application";
		};
		1877CE4B219A57E00028BBB1 /* 朋友圈 */ = {
			isa = PBXNativeTarget;
			buildConfigurationList = 1877CE61219A57E10028BBB1 /* Build configuration list for PBXNativeTarget "朋友圈" */;
			buildPhases = (
				1877CE48219A57E00028BBB1 /* Sources */,
				1877CE49219A57E00028BBB1 /* Frameworks */,
				1877CE4A219A57E00028BBB1 /* Resources */,
			);
			buildRules = (
			);
			dependencies = (
			);
			name = "朋友圈";
			productName = "朋友圈";
			productReference = 1877CE4C219A57E00028BBB1 /* 朋友圈.app */;
			productType = "com.apple.product-type.application";
		};
		188E606821F969D3008CC9FB /* 视频播放 */ = {
			isa = PBXNativeTarget;
			buildConfigurationList = 188E607E21F969D5008CC9FB /* Build configuration list for PBXNativeTarget "视频播放" */;
			buildPhases = (
				188E606521F969D3008CC9FB /* Sources */,
				188E606621F969D3008CC9FB /* Frameworks */,
				188E606721F969D3008CC9FB /* Resources */,
			);
			buildRules = (
			);
			dependencies = (
			);
			name = "视频播放";
			productName = "视频播放";
			productReference = 188E606921F969D3008CC9FB /* 视频播放.app */;
			productType = "com.apple.product-type.application";
		};
		18B6D2FA224A098E00E418F0 /* Runtime */ = {
			isa = PBXNativeTarget;
			buildConfigurationList = 18B6D301224A098E00E418F0 /* Build configuration list for PBXNativeTarget "Runtime" */;
			buildPhases = (
				18B6D2F7224A098E00E418F0 /* Sources */,
				18B6D2F8224A098E00E418F0 /* Frameworks */,
				18B6D2F9224A098E00E418F0 /* CopyFiles */,
			);
			buildRules = (
			);
			dependencies = (
			);
			name = Runtime;
			productName = Runtime;
			productReference = 18B6D2FB224A098E00E418F0 /* Runtime */;
			productType = "com.apple.product-type.tool";
		};
		18DA9B8C21E6F16A003AC7EE /* 单例 */ = {
			isa = PBXNativeTarget;
			buildConfigurationList = 18DA9B9321E6F16A003AC7EE /* Build configuration list for PBXNativeTarget "单例" */;
			buildPhases = (
				18DA9B8921E6F16A003AC7EE /* Sources */,
				18DA9B8A21E6F16A003AC7EE /* Frameworks */,
				18DA9B8B21E6F16A003AC7EE /* CopyFiles */,
			);
			buildRules = (
			);
			dependencies = (
			);
			name = "单例";
			productName = "单例";
			productReference = 18DA9B8D21E6F16A003AC7EE /* 单例 */;
			productType = "com.apple.product-type.tool";
		};
/* End PBXNativeTarget section */

/* Begin PBXProject section */
		181B5E0C2193D786004BCC0B /* Project object */ = {
			isa = PBXProject;
			attributes = {
				LastUpgradeCheck = 1010;
				ORGANIZATIONNAME = apple;
				TargetAttributes = {
					181B5E132193D786004BCC0B = {
						CreatedOnToolsVersion = 10.1;
					};
					181B5E332193DE62004BCC0B = {
						CreatedOnToolsVersion = 10.1;
					};
					181B5E512193E374004BCC0B = {
						CreatedOnToolsVersion = 10.1;
					};
					181B5E712193E52D004BCC0B = {
						CreatedOnToolsVersion = 10.1;
					};
					1832F72621B4BD7100BB54FD = {
						CreatedOnToolsVersion = 10.1;
					};
					18372FD922420ECF00E413DB = {
						CreatedOnToolsVersion = 10.1;
					};
					1839412021D71BCB00C4FAD3 = {
						CreatedOnToolsVersion = 10.1;
					};
					185A178421A2C0E700091A6F = {
						CreatedOnToolsVersion = 10.1;
					};
					1877CE4B219A57E00028BBB1 = {
						CreatedOnToolsVersion = 10.1;
					};
					188E606821F969D3008CC9FB = {
						CreatedOnToolsVersion = 10.1;
					};
					18B6D2FA224A098E00E418F0 = {
						CreatedOnToolsVersion = 10.1;
					};
					18DA9B8C21E6F16A003AC7EE = {
						CreatedOnToolsVersion = 10.1;
					};
				};
			};
			buildConfigurationList = 181B5E0F2193D786004BCC0B /* Build configuration list for PBXProject "AppDemo" */;
			compatibilityVersion = "Xcode 9.3";
			developmentRegion = en;
			hasScannedForEncodings = 0;
			knownRegions = (
				en,
				Base,
			);
			mainGroup = 181B5E0B2193D786004BCC0B;
			productRefGroup = 181B5E152193D786004BCC0B /* Products */;
			projectDirPath = "";
			projectRoot = "";
			targets = (
				181B5E132193D786004BCC0B /* AppDemo */,
				181B5E332193DE62004BCC0B /* 定位 */,
				181B5E512193E374004BCC0B /* 滴滴效果打车首页效果 */,
				181B5E712193E52D004BCC0B /* 广播手动输入16进制数据 */,
				1877CE4B219A57E00028BBB1 /* 朋友圈 */,
				185A178421A2C0E700091A6F /* 选择冒泡排序 */,
				1832F72621B4BD7100BB54FD /* 通讯录 */,
				1839412021D71BCB00C4FAD3 /* HTML交互 */,
				18DA9B8C21E6F16A003AC7EE /* 单例 */,
				188E606821F969D3008CC9FB /* 视频播放 */,
				18372FD922420ECF00E413DB /* 瀑布流 */,
				18B6D2FA224A098E00E418F0 /* Runtime */,
			);
		};
/* End PBXProject section */

/* Begin PBXResourcesBuildPhase section */
		181B5E122193D786004BCC0B /* Resources */ = {
			isa = PBXResourcesBuildPhase;
			buildActionMask = 2147483647;
			files = (
				181B5E242193D787004BCC0B /* LaunchScreen.storyboard in Resources */,
				181B5E212193D787004BCC0B /* Assets.xcassets in Resources */,
				181B5E1F2193D786004BCC0B /* Main.storyboard in Resources */,
			);
			runOnlyForDeploymentPostprocessing = 0;
		};
		181B5E322193DE62004BCC0B /* Resources */ = {
			isa = PBXResourcesBuildPhase;
			buildActionMask = 2147483647;
			files = (
				181B5E432193DE63004BCC0B /* LaunchScreen.storyboard in Resources */,
				181B5E402193DE63004BCC0B /* Assets.xcassets in Resources */,
				181B5E3E2193DE62004BCC0B /* Main.storyboard in Resources */,
			);
			runOnlyForDeploymentPostprocessing = 0;
		};
		181B5E502193E374004BCC0B /* Resources */ = {
			isa = PBXResourcesBuildPhase;
			buildActionMask = 2147483647;
			files = (
				181B5E612193E375004BCC0B /* LaunchScreen.storyboard in Resources */,
				181B5E5E2193E375004BCC0B /* Assets.xcassets in Resources */,
				181B5E5C2193E374004BCC0B /* Main.storyboard in Resources */,
			);
			runOnlyForDeploymentPostprocessing = 0;
		};
		181B5E702193E52D004BCC0B /* Resources */ = {
			isa = PBXResourcesBuildPhase;
			buildActionMask = 2147483647;
			files = (
				181B5E812193E52E004BCC0B /* LaunchScreen.storyboard in Resources */,
				181B5E7E2193E52E004BCC0B /* Assets.xcassets in Resources */,
				181B5E7C2193E52D004BCC0B /* Main.storyboard in Resources */,
			);
			runOnlyForDeploymentPostprocessing = 0;
		};
		1832F72521B4BD7100BB54FD /* Resources */ = {
			isa = PBXResourcesBuildPhase;
			buildActionMask = 2147483647;
			files = (
				1832F73621B4BD7200BB54FD /* LaunchScreen.storyboard in Resources */,
				1832F73321B4BD7200BB54FD /* Assets.xcassets in Resources */,
				1832F73121B4BD7100BB54FD /* Main.storyboard in Resources */,
			);
			runOnlyForDeploymentPostprocessing = 0;
		};
		18372FD822420ECF00E413DB /* Resources */ = {
			isa = PBXResourcesBuildPhase;
			buildActionMask = 2147483647;
			files = (
				18372FE922420ED100E413DB /* LaunchScreen.storyboard in Resources */,
				18372FE622420ED100E413DB /* Assets.xcassets in Resources */,
				18372FE422420ECF00E413DB /* Main.storyboard in Resources */,
			);
			runOnlyForDeploymentPostprocessing = 0;
		};
		1839411F21D71BCB00C4FAD3 /* Resources */ = {
			isa = PBXResourcesBuildPhase;
			buildActionMask = 2147483647;
			files = (
				1839413821D71C1A00C4FAD3 /* test.html in Resources */,
				184DED3821FAE67900E4C09B /* html.html in Resources */,
				1839413021D71BCC00C4FAD3 /* LaunchScreen.storyboard in Resources */,
				1839412D21D71BCC00C4FAD3 /* Assets.xcassets in Resources */,
				1839412B21D71BCB00C4FAD3 /* Main.storyboard in Resources */,
			);
			runOnlyForDeploymentPostprocessing = 0;
		};
		185A178321A2C0E700091A6F /* Resources */ = {
			isa = PBXResourcesBuildPhase;
			buildActionMask = 2147483647;
			files = (
				185A179421A2C0E900091A6F /* LaunchScreen.storyboard in Resources */,
				185A179121A2C0E900091A6F /* Assets.xcassets in Resources */,
				185A178F21A2C0E700091A6F /* Main.storyboard in Resources */,
			);
			runOnlyForDeploymentPostprocessing = 0;
		};
		1877CE4A219A57E00028BBB1 /* Resources */ = {
			isa = PBXResourcesBuildPhase;
			buildActionMask = 2147483647;
			files = (
				1877CE5B219A57E10028BBB1 /* LaunchScreen.storyboard in Resources */,
				1877CE58219A57E10028BBB1 /* Assets.xcassets in Resources */,
				1877CE56219A57E00028BBB1 /* Main.storyboard in Resources */,
			);
			runOnlyForDeploymentPostprocessing = 0;
		};
		188E606721F969D3008CC9FB /* Resources */ = {
			isa = PBXResourcesBuildPhase;
			buildActionMask = 2147483647;
			files = (
				188E607821F969D5008CC9FB /* LaunchScreen.storyboard in Resources */,
				188E607521F969D5008CC9FB /* Assets.xcassets in Resources */,
				188E607321F969D4008CC9FB /* Main.storyboard in Resources */,
			);
			runOnlyForDeploymentPostprocessing = 0;
		};
/* End PBXResourcesBuildPhase section */

/* Begin PBXSourcesBuildPhase section */
		181B5E102193D786004BCC0B /* Sources */ = {
			isa = PBXSourcesBuildPhase;
			buildActionMask = 2147483647;
			files = (
				181B5E1C2193D786004BCC0B /* ViewController.m in Sources */,
				181B5E2F2193D7AA004BCC0B /* NFDownloadVideoManager.m in Sources */,
				181B5E272193D787004BCC0B /* main.m in Sources */,
				181B5E192193D786004BCC0B /* AppDelegate.m in Sources */,
			);
			runOnlyForDeploymentPostprocessing = 0;
		};
		181B5E302193DE62004BCC0B /* Sources */ = {
			isa = PBXSourcesBuildPhase;
			buildActionMask = 2147483647;
			files = (
				181B5E4D2193DEE1004BCC0B /* NFLocation.m in Sources */,
				181B5E3B2193DE62004BCC0B /* ViewController.m in Sources */,
				181B5E462193DE63004BCC0B /* main.m in Sources */,
				181B5E382193DE62004BCC0B /* AppDelegate.m in Sources */,
			);
			runOnlyForDeploymentPostprocessing = 0;
		};
		181B5E4E2193E374004BCC0B /* Sources */ = {
			isa = PBXSourcesBuildPhase;
			buildActionMask = 2147483647;
			files = (
				181B5E592193E374004BCC0B /* ViewController.m in Sources */,
				181B5E642193E375004BCC0B /* main.m in Sources */,
				181B5E562193E374004BCC0B /* AppDelegate.m in Sources */,
				181B5E6D2193E3E4004BCC0B /* TableViewCell.m in Sources */,
				181B5E6A2193E390004BCC0B /* UITableView+Extension.m in Sources */,
			);
			runOnlyForDeploymentPostprocessing = 0;
		};
		181B5E6E2193E52D004BCC0B /* Sources */ = {
			isa = PBXSourcesBuildPhase;
			buildActionMask = 2147483647;
			files = (
				181B5E792193E52D004BCC0B /* ViewController.m in Sources */,
				181B5E8A2193E553004BCC0B /* PeripheralManager.m in Sources */,
				181B5E842193E52E004BCC0B /* main.m in Sources */,
				181B5E762193E52D004BCC0B /* AppDelegate.m in Sources */,
			);
			runOnlyForDeploymentPostprocessing = 0;
		};
		1832F72321B4BD7100BB54FD /* Sources */ = {
			isa = PBXSourcesBuildPhase;
			buildActionMask = 2147483647;
			files = (
				18A8973521B4C365001611B8 /* ContactModel.m in Sources */,
				1832F72E21B4BD7100BB54FD /* ViewController.m in Sources */,
				18A8973221B4C330001611B8 /* NFContactSort.m in Sources */,
				1832F73921B4BD7200BB54FD /* main.m in Sources */,
				1832F72B21B4BD7100BB54FD /* AppDelegate.m in Sources */,
			);
			runOnlyForDeploymentPostprocessing = 0;
		};
		18372FD622420ECF00E413DB /* Sources */ = {
			isa = PBXSourcesBuildPhase;
			buildActionMask = 2147483647;
			files = (
				18372FE122420ECF00E413DB /* ViewController.m in Sources */,
				18372FEC22420ED100E413DB /* main.m in Sources */,
				18372FDE22420ECF00E413DB /* AppDelegate.m in Sources */,
				18372FF22242123D00E413DB /* NFLayout.m in Sources */,
			);
			runOnlyForDeploymentPostprocessing = 0;
		};
		1839411D21D71BCB00C4FAD3 /* Sources */ = {
			isa = PBXSourcesBuildPhase;
			buildActionMask = 2147483647;
			files = (
				184DED3621FAE62C00E4C09B /* ViewController1.m in Sources */,
				1839412821D71BCB00C4FAD3 /* ViewController.m in Sources */,
				1839413321D71BCC00C4FAD3 /* main.m in Sources */,
				1839412521D71BCB00C4FAD3 /* AppDelegate.m in Sources */,
			);
			runOnlyForDeploymentPostprocessing = 0;
		};
		185A178121A2C0E700091A6F /* Sources */ = {
			isa = PBXSourcesBuildPhase;
			buildActionMask = 2147483647;
			files = (
				185A178C21A2C0E700091A6F /* ViewController.m in Sources */,
				185A179721A2C0E900091A6F /* main.m in Sources */,
				185A178921A2C0E700091A6F /* AppDelegate.m in Sources */,
			);
			runOnlyForDeploymentPostprocessing = 0;
		};
		1877CE48219A57E00028BBB1 /* Sources */ = {
			isa = PBXSourcesBuildPhase;
			buildActionMask = 2147483647;
			files = (
				1877CE6D219A696E0028BBB1 /* NFTableViewCell.m in Sources */,
				1877CE53219A57E00028BBB1 /* ViewController.m in Sources */,
				1877CE87219AA1530028BBB1 /* SDPhotoBrowser.m in Sources */,
				1877CE5E219A57E10028BBB1 /* main.m in Sources */,
				1877CE50219A57E00028BBB1 /* AppDelegate.m in Sources */,
				1877CE73219A729F0028BBB1 /* NFImageView.m in Sources */,
				1877CE89219AA1530028BBB1 /* SDBrowserImageView.m in Sources */,
				1877CE70219A69AF0028BBB1 /* NFModel.m in Sources */,
				1877CE88219AA1530028BBB1 /* SDWaitingView.m in Sources */,
			);
			runOnlyForDeploymentPostprocessing = 0;
		};
		188E606521F969D3008CC9FB /* Sources */ = {
			isa = PBXSourcesBuildPhase;
			buildActionMask = 2147483647;
			files = (
				188E607021F969D4008CC9FB /* ViewController.m in Sources */,
				188E608821F98BF6008CC9FB /* NFPlayerTabarView.m in Sources */,
				188E607B21F969D5008CC9FB /* main.m in Sources */,
				188E608221F984CC008CC9FB /* NFPlayer.m in Sources */,
				188E606D21F969D4008CC9FB /* AppDelegate.m in Sources */,
			);
			runOnlyForDeploymentPostprocessing = 0;
		};
		18B6D2F7224A098E00E418F0 /* Sources */ = {
			isa = PBXSourcesBuildPhase;
			buildActionMask = 2147483647;
			files = (
				18B6D304224A09C200E418F0 /* Person.m in Sources */,
				18B6D2FE224A098E00E418F0 /* main.m in Sources */,
			);
			runOnlyForDeploymentPostprocessing = 0;
		};
		18DA9B8921E6F16A003AC7EE /* Sources */ = {
			isa = PBXSourcesBuildPhase;
			buildActionMask = 2147483647;
			files = (
				18DA9B9021E6F16A003AC7EE /* main.m in Sources */,
				18DA9B9621E6F17C003AC7EE /* Single.m in Sources */,
			);
			runOnlyForDeploymentPostprocessing = 0;
		};
/* End PBXSourcesBuildPhase section */

/* Begin PBXVariantGroup section */
		181B5E1D2193D786004BCC0B /* Main.storyboard */ = {
			isa = PBXVariantGroup;
			children = (
				181B5E1E2193D786004BCC0B /* Base */,
			);
			name = Main.storyboard;
			sourceTree = "<group>";
		};
		181B5E222193D787004BCC0B /* LaunchScreen.storyboard */ = {
			isa = PBXVariantGroup;
			children = (
				181B5E232193D787004BCC0B /* Base */,
			);
			name = LaunchScreen.storyboard;
			sourceTree = "<group>";
		};
		181B5E3C2193DE62004BCC0B /* Main.storyboard */ = {
			isa = PBXVariantGroup;
			children = (
				181B5E3D2193DE62004BCC0B /* Base */,
			);
			name = Main.storyboard;
			sourceTree = "<group>";
		};
		181B5E412193DE63004BCC0B /* LaunchScreen.storyboard */ = {
			isa = PBXVariantGroup;
			children = (
				181B5E422193DE63004BCC0B /* Base */,
			);
			name = LaunchScreen.storyboard;
			sourceTree = "<group>";
		};
		181B5E5A2193E374004BCC0B /* Main.storyboard */ = {
			isa = PBXVariantGroup;
			children = (
				181B5E5B2193E374004BCC0B /* Base */,
			);
			name = Main.storyboard;
			sourceTree = "<group>";
		};
		181B5E5F2193E375004BCC0B /* LaunchScreen.storyboard */ = {
			isa = PBXVariantGroup;
			children = (
				181B5E602193E375004BCC0B /* Base */,
			);
			name = LaunchScreen.storyboard;
			sourceTree = "<group>";
		};
		181B5E7A2193E52D004BCC0B /* Main.storyboard */ = {
			isa = PBXVariantGroup;
			children = (
				181B5E7B2193E52D004BCC0B /* Base */,
			);
			name = Main.storyboard;
			sourceTree = "<group>";
		};
		181B5E7F2193E52E004BCC0B /* LaunchScreen.storyboard */ = {
			isa = PBXVariantGroup;
			children = (
				181B5E802193E52E004BCC0B /* Base */,
			);
			name = LaunchScreen.storyboard;
			sourceTree = "<group>";
		};
		1832F72F21B4BD7100BB54FD /* Main.storyboard */ = {
			isa = PBXVariantGroup;
			children = (
				1832F73021B4BD7100BB54FD /* Base */,
			);
			name = Main.storyboard;
			sourceTree = "<group>";
		};
		1832F73421B4BD7200BB54FD /* LaunchScreen.storyboard */ = {
			isa = PBXVariantGroup;
			children = (
				1832F73521B4BD7200BB54FD /* Base */,
			);
			name = LaunchScreen.storyboard;
			sourceTree = "<group>";
		};
		18372FE222420ECF00E413DB /* Main.storyboard */ = {
			isa = PBXVariantGroup;
			children = (
				18372FE322420ECF00E413DB /* Base */,
			);
			name = Main.storyboard;
			sourceTree = "<group>";
		};
		18372FE722420ED100E413DB /* LaunchScreen.storyboard */ = {
			isa = PBXVariantGroup;
			children = (
				18372FE822420ED100E413DB /* Base */,
			);
			name = LaunchScreen.storyboard;
			sourceTree = "<group>";
		};
		1839412921D71BCB00C4FAD3 /* Main.storyboard */ = {
			isa = PBXVariantGroup;
			children = (
				1839412A21D71BCB00C4FAD3 /* Base */,
			);
			name = Main.storyboard;
			sourceTree = "<group>";
		};
		1839412E21D71BCC00C4FAD3 /* LaunchScreen.storyboard */ = {
			isa = PBXVariantGroup;
			children = (
				1839412F21D71BCC00C4FAD3 /* Base */,
			);
			name = LaunchScreen.storyboard;
			sourceTree = "<group>";
		};
		185A178D21A2C0E700091A6F /* Main.storyboard */ = {
			isa = PBXVariantGroup;
			children = (
				185A178E21A2C0E700091A6F /* Base */,
			);
			name = Main.storyboard;
			sourceTree = "<group>";
		};
		185A179221A2C0E900091A6F /* LaunchScreen.storyboard */ = {
			isa = PBXVariantGroup;
			children = (
				185A179321A2C0E900091A6F /* Base */,
			);
			name = LaunchScreen.storyboard;
			sourceTree = "<group>";
		};
		1877CE54219A57E00028BBB1 /* Main.storyboard */ = {
			isa = PBXVariantGroup;
			children = (
				1877CE55219A57E00028BBB1 /* Base */,
			);
			name = Main.storyboard;
			sourceTree = "<group>";
		};
		1877CE59219A57E10028BBB1 /* LaunchScreen.storyboard */ = {
			isa = PBXVariantGroup;
			children = (
				1877CE5A219A57E10028BBB1 /* Base */,
			);
			name = LaunchScreen.storyboard;
			sourceTree = "<group>";
		};
		188E607121F969D4008CC9FB /* Main.storyboard */ = {
			isa = PBXVariantGroup;
			children = (
				188E607221F969D4008CC9FB /* Base */,
			);
			name = Main.storyboard;
			sourceTree = "<group>";
		};
		188E607621F969D5008CC9FB /* LaunchScreen.storyboard */ = {
			isa = PBXVariantGroup;
			children = (
				188E607721F969D5008CC9FB /* Base */,
			);
			name = LaunchScreen.storyboard;
			sourceTree = "<group>";
		};
/* End PBXVariantGroup section */

/* Begin XCBuildConfiguration section */
		181B5E282193D787004BCC0B /* Debug */ = {
			isa = XCBuildConfiguration;
			buildSettings = {
				ALWAYS_SEARCH_USER_PATHS = NO;
				CLANG_ANALYZER_NONNULL = YES;
				CLANG_ANALYZER_NUMBER_OBJECT_CONVERSION = YES_AGGRESSIVE;
				CLANG_CXX_LANGUAGE_STANDARD = "gnu++14";
				CLANG_CXX_LIBRARY = "libc++";
				CLANG_ENABLE_MODULES = YES;
				CLANG_ENABLE_OBJC_ARC = YES;
				CLANG_ENABLE_OBJC_WEAK = YES;
				CLANG_WARN_BLOCK_CAPTURE_AUTORELEASING = YES;
				CLANG_WARN_BOOL_CONVERSION = YES;
				CLANG_WARN_COMMA = YES;
				CLANG_WARN_CONSTANT_CONVERSION = YES;
				CLANG_WARN_DEPRECATED_OBJC_IMPLEMENTATIONS = YES;
				CLANG_WARN_DIRECT_OBJC_ISA_USAGE = YES_ERROR;
				CLANG_WARN_DOCUMENTATION_COMMENTS = YES;
				CLANG_WARN_EMPTY_BODY = YES;
				CLANG_WARN_ENUM_CONVERSION = YES;
				CLANG_WARN_INFINITE_RECURSION = YES;
				CLANG_WARN_INT_CONVERSION = YES;
				CLANG_WARN_NON_LITERAL_NULL_CONVERSION = YES;
				CLANG_WARN_OBJC_IMPLICIT_RETAIN_SELF = YES;
				CLANG_WARN_OBJC_LITERAL_CONVERSION = YES;
				CLANG_WARN_OBJC_ROOT_CLASS = YES_ERROR;
				CLANG_WARN_RANGE_LOOP_ANALYSIS = YES;
				CLANG_WARN_STRICT_PROTOTYPES = YES;
				CLANG_WARN_SUSPICIOUS_MOVE = YES;
				CLANG_WARN_UNGUARDED_AVAILABILITY = YES_AGGRESSIVE;
				CLANG_WARN_UNREACHABLE_CODE = YES;
				CLANG_WARN__DUPLICATE_METHOD_MATCH = YES;
				CODE_SIGN_IDENTITY = "iPhone Developer";
				COPY_PHASE_STRIP = NO;
				DEBUG_INFORMATION_FORMAT = dwarf;
				ENABLE_STRICT_OBJC_MSGSEND = YES;
				ENABLE_TESTABILITY = YES;
				GCC_C_LANGUAGE_STANDARD = gnu11;
				GCC_DYNAMIC_NO_PIC = NO;
				GCC_NO_COMMON_BLOCKS = YES;
				GCC_OPTIMIZATION_LEVEL = 0;
				GCC_PREPROCESSOR_DEFINITIONS = (
					"DEBUG=1",
					"$(inherited)",
				);
				GCC_WARN_64_TO_32_BIT_CONVERSION = YES;
				GCC_WARN_ABOUT_RETURN_TYPE = YES_ERROR;
				GCC_WARN_UNDECLARED_SELECTOR = YES;
				GCC_WARN_UNINITIALIZED_AUTOS = YES_AGGRESSIVE;
				GCC_WARN_UNUSED_FUNCTION = YES;
				GCC_WARN_UNUSED_VARIABLE = YES;
				IPHONEOS_DEPLOYMENT_TARGET = 12.1;
				MTL_ENABLE_DEBUG_INFO = INCLUDE_SOURCE;
				MTL_FAST_MATH = YES;
				ONLY_ACTIVE_ARCH = YES;
				SDKROOT = iphoneos;
			};
			name = Debug;
		};
		181B5E292193D787004BCC0B /* Release */ = {
			isa = XCBuildConfiguration;
			buildSettings = {
				ALWAYS_SEARCH_USER_PATHS = NO;
				CLANG_ANALYZER_NONNULL = YES;
				CLANG_ANALYZER_NUMBER_OBJECT_CONVERSION = YES_AGGRESSIVE;
				CLANG_CXX_LANGUAGE_STANDARD = "gnu++14";
				CLANG_CXX_LIBRARY = "libc++";
				CLANG_ENABLE_MODULES = YES;
				CLANG_ENABLE_OBJC_ARC = YES;
				CLANG_ENABLE_OBJC_WEAK = YES;
				CLANG_WARN_BLOCK_CAPTURE_AUTORELEASING = YES;
				CLANG_WARN_BOOL_CONVERSION = YES;
				CLANG_WARN_COMMA = YES;
				CLANG_WARN_CONSTANT_CONVERSION = YES;
				CLANG_WARN_DEPRECATED_OBJC_IMPLEMENTATIONS = YES;
				CLANG_WARN_DIRECT_OBJC_ISA_USAGE = YES_ERROR;
				CLANG_WARN_DOCUMENTATION_COMMENTS = YES;
				CLANG_WARN_EMPTY_BODY = YES;
				CLANG_WARN_ENUM_CONVERSION = YES;
				CLANG_WARN_INFINITE_RECURSION = YES;
				CLANG_WARN_INT_CONVERSION = YES;
				CLANG_WARN_NON_LITERAL_NULL_CONVERSION = YES;
				CLANG_WARN_OBJC_IMPLICIT_RETAIN_SELF = YES;
				CLANG_WARN_OBJC_LITERAL_CONVERSION = YES;
				CLANG_WARN_OBJC_ROOT_CLASS = YES_ERROR;
				CLANG_WARN_RANGE_LOOP_ANALYSIS = YES;
				CLANG_WARN_STRICT_PROTOTYPES = YES;
				CLANG_WARN_SUSPICIOUS_MOVE = YES;
				CLANG_WARN_UNGUARDED_AVAILABILITY = YES_AGGRESSIVE;
				CLANG_WARN_UNREACHABLE_CODE = YES;
				CLANG_WARN__DUPLICATE_METHOD_MATCH = YES;
				CODE_SIGN_IDENTITY = "iPhone Developer";
				COPY_PHASE_STRIP = NO;
				DEBUG_INFORMATION_FORMAT = "dwarf-with-dsym";
				ENABLE_NS_ASSERTIONS = NO;
				ENABLE_STRICT_OBJC_MSGSEND = YES;
				GCC_C_LANGUAGE_STANDARD = gnu11;
				GCC_NO_COMMON_BLOCKS = YES;
				GCC_WARN_64_TO_32_BIT_CONVERSION = YES;
				GCC_WARN_ABOUT_RETURN_TYPE = YES_ERROR;
				GCC_WARN_UNDECLARED_SELECTOR = YES;
				GCC_WARN_UNINITIALIZED_AUTOS = YES_AGGRESSIVE;
				GCC_WARN_UNUSED_FUNCTION = YES;
				GCC_WARN_UNUSED_VARIABLE = YES;
				IPHONEOS_DEPLOYMENT_TARGET = 12.1;
				MTL_ENABLE_DEBUG_INFO = NO;
				MTL_FAST_MATH = YES;
				SDKROOT = iphoneos;
				VALIDATE_PRODUCT = YES;
			};
			name = Release;
		};
		181B5E2B2193D787004BCC0B /* Debug */ = {
			isa = XCBuildConfiguration;
			buildSettings = {
				ASSETCATALOG_COMPILER_APPICON_NAME = AppIcon;
				CODE_SIGN_STYLE = Automatic;
				INFOPLIST_FILE = AppDemo/Info.plist;
				LD_RUNPATH_SEARCH_PATHS = (
					"$(inherited)",
					"@executable_path/Frameworks",
				);
				PRODUCT_BUNDLE_IDENTIFIER = com.LV.AppDemo;
				PRODUCT_NAME = "$(TARGET_NAME)";
				TARGETED_DEVICE_FAMILY = "1,2";
			};
			name = Debug;
		};
		181B5E2C2193D787004BCC0B /* Release */ = {
			isa = XCBuildConfiguration;
			buildSettings = {
				ASSETCATALOG_COMPILER_APPICON_NAME = AppIcon;
				CODE_SIGN_STYLE = Automatic;
				INFOPLIST_FILE = AppDemo/Info.plist;
				LD_RUNPATH_SEARCH_PATHS = (
					"$(inherited)",
					"@executable_path/Frameworks",
				);
				PRODUCT_BUNDLE_IDENTIFIER = com.LV.AppDemo;
				PRODUCT_NAME = "$(TARGET_NAME)";
				TARGETED_DEVICE_FAMILY = "1,2";
			};
			name = Release;
		};
		181B5E472193DE63004BCC0B /* Debug */ = {
			isa = XCBuildConfiguration;
			buildSettings = {
				ASSETCATALOG_COMPILER_APPICON_NAME = AppIcon;
				CODE_SIGN_STYLE = Automatic;
				INFOPLIST_FILE = "定位/Info.plist";
				IPHONEOS_DEPLOYMENT_TARGET = 9.1;
				LD_RUNPATH_SEARCH_PATHS = (
					"$(inherited)",
					"@executable_path/Frameworks",
				);
				PRODUCT_BUNDLE_IDENTIFIER = "com.LV.--";
				PRODUCT_NAME = "$(TARGET_NAME)";
				TARGETED_DEVICE_FAMILY = "1,2";
			};
			name = Debug;
		};
		181B5E482193DE63004BCC0B /* Release */ = {
			isa = XCBuildConfiguration;
			buildSettings = {
				ASSETCATALOG_COMPILER_APPICON_NAME = AppIcon;
				CODE_SIGN_STYLE = Automatic;
				INFOPLIST_FILE = "定位/Info.plist";
				IPHONEOS_DEPLOYMENT_TARGET = 9.1;
				LD_RUNPATH_SEARCH_PATHS = (
					"$(inherited)",
					"@executable_path/Frameworks",
				);
				PRODUCT_BUNDLE_IDENTIFIER = "com.LV.--";
				PRODUCT_NAME = "$(TARGET_NAME)";
				TARGETED_DEVICE_FAMILY = "1,2";
			};
			name = Release;
		};
		181B5E662193E375004BCC0B /* Debug */ = {
			isa = XCBuildConfiguration;
			buildSettings = {
				ASSETCATALOG_COMPILER_APPICON_NAME = AppIcon;
				CODE_SIGN_STYLE = Automatic;
				INFOPLIST_FILE = "滴滴效果打车首页效果/Info.plist";
				LD_RUNPATH_SEARCH_PATHS = (
					"$(inherited)",
					"@executable_path/Frameworks",
				);
				PRODUCT_BUNDLE_IDENTIFIER = "com.LV.----------";
				PRODUCT_NAME = "$(TARGET_NAME)";
				TARGETED_DEVICE_FAMILY = "1,2";
			};
			name = Debug;
		};
		181B5E672193E375004BCC0B /* Release */ = {
			isa = XCBuildConfiguration;
			buildSettings = {
				ASSETCATALOG_COMPILER_APPICON_NAME = AppIcon;
				CODE_SIGN_STYLE = Automatic;
				INFOPLIST_FILE = "滴滴效果打车首页效果/Info.plist";
				LD_RUNPATH_SEARCH_PATHS = (
					"$(inherited)",
					"@executable_path/Frameworks",
				);
				PRODUCT_BUNDLE_IDENTIFIER = "com.LV.----------";
				PRODUCT_NAME = "$(TARGET_NAME)";
				TARGETED_DEVICE_FAMILY = "1,2";
			};
			name = Release;
		};
		181B5E862193E52E004BCC0B /* Debug */ = {
			isa = XCBuildConfiguration;
			buildSettings = {
				ASSETCATALOG_COMPILER_APPICON_NAME = AppIcon;
				CODE_SIGN_STYLE = Automatic;
				INFOPLIST_FILE = "广播手动输入16进制数据/Info.plist";
				LD_RUNPATH_SEARCH_PATHS = (
					"$(inherited)",
					"@executable_path/Frameworks",
				);
				PRODUCT_BUNDLE_IDENTIFIER = "com.LV.------16----";
				PRODUCT_NAME = "$(TARGET_NAME)";
				TARGETED_DEVICE_FAMILY = "1,2";
			};
			name = Debug;
		};
		181B5E872193E52E004BCC0B /* Release */ = {
			isa = XCBuildConfiguration;
			buildSettings = {
				ASSETCATALOG_COMPILER_APPICON_NAME = AppIcon;
				CODE_SIGN_STYLE = Automatic;
				INFOPLIST_FILE = "广播手动输入16进制数据/Info.plist";
				LD_RUNPATH_SEARCH_PATHS = (
					"$(inherited)",
					"@executable_path/Frameworks",
				);
				PRODUCT_BUNDLE_IDENTIFIER = "com.LV.------16----";
				PRODUCT_NAME = "$(TARGET_NAME)";
				TARGETED_DEVICE_FAMILY = "1,2";
			};
			name = Release;
		};
		1832F73A21B4BD7200BB54FD /* Debug */ = {
			isa = XCBuildConfiguration;
			buildSettings = {
				ASSETCATALOG_COMPILER_APPICON_NAME = AppIcon;
				CODE_SIGN_STYLE = Automatic;
				INFOPLIST_FILE = "通讯录/Info.plist";
				LD_RUNPATH_SEARCH_PATHS = (
					"$(inherited)",
					"@executable_path/Frameworks",
				);
				PRODUCT_BUNDLE_IDENTIFIER = "com.LV.---";
				PRODUCT_NAME = "$(TARGET_NAME)";
				TARGETED_DEVICE_FAMILY = "1,2";
			};
			name = Debug;
		};
		1832F73B21B4BD7200BB54FD /* Release */ = {
			isa = XCBuildConfiguration;
			buildSettings = {
				ASSETCATALOG_COMPILER_APPICON_NAME = AppIcon;
				CODE_SIGN_STYLE = Automatic;
				INFOPLIST_FILE = "通讯录/Info.plist";
				LD_RUNPATH_SEARCH_PATHS = (
					"$(inherited)",
					"@executable_path/Frameworks",
				);
				PRODUCT_BUNDLE_IDENTIFIER = "com.LV.---";
				PRODUCT_NAME = "$(TARGET_NAME)";
				TARGETED_DEVICE_FAMILY = "1,2";
			};
			name = Release;
		};
		18372FED22420ED100E413DB /* Debug */ = {
			isa = XCBuildConfiguration;
			buildSettings = {
				ASSETCATALOG_COMPILER_APPICON_NAME = AppIcon;
				CODE_SIGN_STYLE = Automatic;
				INFOPLIST_FILE = "瀑布流/Info.plist";
				LD_RUNPATH_SEARCH_PATHS = (
					"$(inherited)",
					"@executable_path/Frameworks",
				);
				PRODUCT_BUNDLE_IDENTIFIER = "com..---";
				PRODUCT_NAME = "$(TARGET_NAME)";
				TARGETED_DEVICE_FAMILY = "1,2";
			};
			name = Debug;
		};
		18372FEE22420ED100E413DB /* Release */ = {
			isa = XCBuildConfiguration;
			buildSettings = {
				ASSETCATALOG_COMPILER_APPICON_NAME = AppIcon;
				CODE_SIGN_STYLE = Automatic;
				INFOPLIST_FILE = "瀑布流/Info.plist";
				LD_RUNPATH_SEARCH_PATHS = (
					"$(inherited)",
					"@executable_path/Frameworks",
				);
				PRODUCT_BUNDLE_IDENTIFIER = "com..---";
				PRODUCT_NAME = "$(TARGET_NAME)";
				TARGETED_DEVICE_FAMILY = "1,2";
			};
			name = Release;
		};
		1839413421D71BCC00C4FAD3 /* Debug */ = {
			isa = XCBuildConfiguration;
			buildSettings = {
				ASSETCATALOG_COMPILER_APPICON_NAME = AppIcon;
				CODE_SIGN_STYLE = Automatic;
				INFOPLIST_FILE = "HTML交互/Info.plist";
				IPHONEOS_DEPLOYMENT_TARGET = 8.0;
				LD_RUNPATH_SEARCH_PATHS = (
					"$(inherited)",
					"@executable_path/Frameworks",
				);
				PRODUCT_BUNDLE_IDENTIFIER = "com..HTML--";
				PRODUCT_NAME = "$(TARGET_NAME)";
				TARGETED_DEVICE_FAMILY = "1,2";
			};
			name = Debug;
		};
		1839413521D71BCC00C4FAD3 /* Release */ = {
			isa = XCBuildConfiguration;
			buildSettings = {
				ASSETCATALOG_COMPILER_APPICON_NAME = AppIcon;
				CODE_SIGN_STYLE = Automatic;
				INFOPLIST_FILE = "HTML交互/Info.plist";
				IPHONEOS_DEPLOYMENT_TARGET = 8.0;
				LD_RUNPATH_SEARCH_PATHS = (
					"$(inherited)",
					"@executable_path/Frameworks",
				);
				PRODUCT_BUNDLE_IDENTIFIER = "com..HTML--";
				PRODUCT_NAME = "$(TARGET_NAME)";
				TARGETED_DEVICE_FAMILY = "1,2";
			};
			name = Release;
		};
		185A179821A2C0E900091A6F /* Debug */ = {
			isa = XCBuildConfiguration;
			buildSettings = {
				ASSETCATALOG_COMPILER_APPICON_NAME = AppIcon;
				CODE_SIGN_STYLE = Automatic;
				INFOPLIST_FILE = "选择冒泡排序/Info.plist";
				LD_RUNPATH_SEARCH_PATHS = (
					"$(inherited)",
					"@executable_path/Frameworks",
				);
				PRODUCT_BUNDLE_IDENTIFIER = "com.LV.------";
				PRODUCT_NAME = "$(TARGET_NAME)";
				TARGETED_DEVICE_FAMILY = "1,2";
			};
			name = Debug;
		};
		185A179921A2C0E900091A6F /* Release */ = {
			isa = XCBuildConfiguration;
			buildSettings = {
				ASSETCATALOG_COMPILER_APPICON_NAME = AppIcon;
				CODE_SIGN_STYLE = Automatic;
				INFOPLIST_FILE = "选择冒泡排序/Info.plist";
				LD_RUNPATH_SEARCH_PATHS = (
					"$(inherited)",
					"@executable_path/Frameworks",
				);
				PRODUCT_BUNDLE_IDENTIFIER = "com.LV.------";
				PRODUCT_NAME = "$(TARGET_NAME)";
				TARGETED_DEVICE_FAMILY = "1,2";
			};
			name = Release;
		};
		1877CE5F219A57E10028BBB1 /* Debug */ = {
			isa = XCBuildConfiguration;
			buildSettings = {
				ASSETCATALOG_COMPILER_APPICON_NAME = AppIcon;
				CODE_SIGN_STYLE = Automatic;
				INFOPLIST_FILE = "朋友圈/Info.plist";
				LD_RUNPATH_SEARCH_PATHS = (
					"$(inherited)",
					"@executable_path/Frameworks",
				);
				PRODUCT_BUNDLE_IDENTIFIER = "com.LV.---";
				PRODUCT_NAME = "$(TARGET_NAME)";
				TARGETED_DEVICE_FAMILY = "1,2";
			};
			name = Debug;
		};
		1877CE60219A57E10028BBB1 /* Release */ = {
			isa = XCBuildConfiguration;
			buildSettings = {
				ASSETCATALOG_COMPILER_APPICON_NAME = AppIcon;
				CODE_SIGN_STYLE = Automatic;
				INFOPLIST_FILE = "朋友圈/Info.plist";
				LD_RUNPATH_SEARCH_PATHS = (
					"$(inherited)",
					"@executable_path/Frameworks",
				);
				PRODUCT_BUNDLE_IDENTIFIER = "com.LV.---";
				PRODUCT_NAME = "$(TARGET_NAME)";
				TARGETED_DEVICE_FAMILY = "1,2";
			};
			name = Release;
		};
		188E607C21F969D5008CC9FB /* Debug */ = {
			isa = XCBuildConfiguration;
			buildSettings = {
				ASSETCATALOG_COMPILER_APPICON_NAME = AppIcon;
				CODE_SIGN_STYLE = Automatic;
				ENABLE_STRICT_OBJC_MSGSEND = NO;
				INFOPLIST_FILE = "视频播放/Info.plist";
				LD_RUNPATH_SEARCH_PATHS = (
					"$(inherited)",
					"@executable_path/Frameworks",
				);
				PRODUCT_BUNDLE_IDENTIFIER = "com..----";
				PRODUCT_NAME = "$(TARGET_NAME)";
				TARGETED_DEVICE_FAMILY = "1,2";
			};
			name = Debug;
		};
		188E607D21F969D5008CC9FB /* Release */ = {
			isa = XCBuildConfiguration;
			buildSettings = {
				ASSETCATALOG_COMPILER_APPICON_NAME = AppIcon;
				CODE_SIGN_STYLE = Automatic;
				ENABLE_STRICT_OBJC_MSGSEND = NO;
				INFOPLIST_FILE = "视频播放/Info.plist";
				LD_RUNPATH_SEARCH_PATHS = (
					"$(inherited)",
					"@executable_path/Frameworks",
				);
				PRODUCT_BUNDLE_IDENTIFIER = "com..----";
				PRODUCT_NAME = "$(TARGET_NAME)";
				TARGETED_DEVICE_FAMILY = "1,2";
			};
			name = Release;
		};
		18B6D2FF224A098E00E418F0 /* Debug */ = {
			isa = XCBuildConfiguration;
			buildSettings = {
				CODE_SIGN_IDENTITY = "-";
				CODE_SIGN_STYLE = Automatic;
				ENABLE_STRICT_OBJC_MSGSEND = NO;
				MACOSX_DEPLOYMENT_TARGET = 10.14;
				PRODUCT_NAME = "$(TARGET_NAME)";
				SDKROOT = macosx;
			};
			name = Debug;
		};
		18B6D300224A098E00E418F0 /* Release */ = {
			isa = XCBuildConfiguration;
			buildSettings = {
				CODE_SIGN_IDENTITY = "-";
				CODE_SIGN_STYLE = Automatic;
				ENABLE_STRICT_OBJC_MSGSEND = NO;
				MACOSX_DEPLOYMENT_TARGET = 10.14;
				PRODUCT_NAME = "$(TARGET_NAME)";
				SDKROOT = macosx;
			};
			name = Release;
		};
		18DA9B9121E6F16A003AC7EE /* Debug */ = {
			isa = XCBuildConfiguration;
			buildSettings = {
				CODE_SIGN_IDENTITY = "-";
				CODE_SIGN_STYLE = Automatic;
				MACOSX_DEPLOYMENT_TARGET = 10.14;
				PRODUCT_NAME = "$(TARGET_NAME)";
				SDKROOT = macosx;
			};
			name = Debug;
		};
		18DA9B9221E6F16A003AC7EE /* Release */ = {
			isa = XCBuildConfiguration;
			buildSettings = {
				CODE_SIGN_IDENTITY = "-";
				CODE_SIGN_STYLE = Automatic;
				MACOSX_DEPLOYMENT_TARGET = 10.14;
				PRODUCT_NAME = "$(TARGET_NAME)";
				SDKROOT = macosx;
			};
			name = Release;
		};
/* End XCBuildConfiguration section */

/* Begin XCConfigurationList section */
		181B5E0F2193D786004BCC0B /* Build configuration list for PBXProject "AppDemo" */ = {
			isa = XCConfigurationList;
			buildConfigurations = (
				181B5E282193D787004BCC0B /* Debug */,
				181B5E292193D787004BCC0B /* Release */,
			);
			defaultConfigurationIsVisible = 0;
			defaultConfigurationName = Release;
		};
		181B5E2A2193D787004BCC0B /* Build configuration list for PBXNativeTarget "AppDemo" */ = {
			isa = XCConfigurationList;
			buildConfigurations = (
				181B5E2B2193D787004BCC0B /* Debug */,
				181B5E2C2193D787004BCC0B /* Release */,
			);
			defaultConfigurationIsVisible = 0;
			defaultConfigurationName = Release;
		};
		181B5E492193DE63004BCC0B /* Build configuration list for PBXNativeTarget "定位" */ = {
			isa = XCConfigurationList;
			buildConfigurations = (
				181B5E472193DE63004BCC0B /* Debug */,
				181B5E482193DE63004BCC0B /* Release */,
			);
			defaultConfigurationIsVisible = 0;
			defaultConfigurationName = Release;
		};
		181B5E652193E375004BCC0B /* Build configuration list for PBXNativeTarget "滴滴效果打车首页效果" */ = {
			isa = XCConfigurationList;
			buildConfigurations = (
				181B5E662193E375004BCC0B /* Debug */,
				181B5E672193E375004BCC0B /* Release */,
			);
			defaultConfigurationIsVisible = 0;
			defaultConfigurationName = Release;
		};
		181B5E852193E52E004BCC0B /* Build configuration list for PBXNativeTarget "广播手动输入16进制数据" */ = {
			isa = XCConfigurationList;
			buildConfigurations = (
				181B5E862193E52E004BCC0B /* Debug */,
				181B5E872193E52E004BCC0B /* Release */,
			);
			defaultConfigurationIsVisible = 0;
			defaultConfigurationName = Release;
		};
		1832F73C21B4BD7200BB54FD /* Build configuration list for PBXNativeTarget "通讯录" */ = {
			isa = XCConfigurationList;
			buildConfigurations = (
				1832F73A21B4BD7200BB54FD /* Debug */,
				1832F73B21B4BD7200BB54FD /* Release */,
			);
			defaultConfigurationIsVisible = 0;
			defaultConfigurationName = Release;
		};
		18372FEF22420ED100E413DB /* Build configuration list for PBXNativeTarget "瀑布流" */ = {
			isa = XCConfigurationList;
			buildConfigurations = (
				18372FED22420ED100E413DB /* Debug */,
				18372FEE22420ED100E413DB /* Release */,
			);
			defaultConfigurationIsVisible = 0;
			defaultConfigurationName = Release;
		};
		1839413621D71BCC00C4FAD3 /* Build configuration list for PBXNativeTarget "HTML交互" */ = {
			isa = XCConfigurationList;
			buildConfigurations = (
				1839413421D71BCC00C4FAD3 /* Debug */,
				1839413521D71BCC00C4FAD3 /* Release */,
			);
			defaultConfigurationIsVisible = 0;
			defaultConfigurationName = Release;
		};
		185A179A21A2C0E900091A6F /* Build configuration list for PBXNativeTarget "选择冒泡排序" */ = {
			isa = XCConfigurationList;
			buildConfigurations = (
				185A179821A2C0E900091A6F /* Debug */,
				185A179921A2C0E900091A6F /* Release */,
			);
			defaultConfigurationIsVisible = 0;
			defaultConfigurationName = Release;
		};
		1877CE61219A57E10028BBB1 /* Build configuration list for PBXNativeTarget "朋友圈" */ = {
			isa = XCConfigurationList;
			buildConfigurations = (
				1877CE5F219A57E10028BBB1 /* Debug */,
				1877CE60219A57E10028BBB1 /* Release */,
			);
			defaultConfigurationIsVisible = 0;
			defaultConfigurationName = Release;
		};
		188E607E21F969D5008CC9FB /* Build configuration list for PBXNativeTarget "视频播放" */ = {
			isa = XCConfigurationList;
			buildConfigurations = (
				188E607C21F969D5008CC9FB /* Debug */,
				188E607D21F969D5008CC9FB /* Release */,
			);
			defaultConfigurationIsVisible = 0;
			defaultConfigurationName = Release;
		};
		18B6D301224A098E00E418F0 /* Build configuration list for PBXNativeTarget "Runtime" */ = {
			isa = XCConfigurationList;
			buildConfigurations = (
				18B6D2FF224A098E00E418F0 /* Debug */,
				18B6D300224A098E00E418F0 /* Release */,
			);
			defaultConfigurationIsVisible = 0;
			defaultConfigurationName = Release;
		};
		18DA9B9321E6F16A003AC7EE /* Build configuration list for PBXNativeTarget "单例" */ = {
			isa = XCConfigurationList;
			buildConfigurations = (
				18DA9B9121E6F16A003AC7EE /* Debug */,
				18DA9B9221E6F16A003AC7EE /* Release */,
			);
			defaultConfigurationIsVisible = 0;
			defaultConfigurationName = Release;
		};
/* End XCConfigurationList section */
	};
	rootObject = 181B5E0C2193D786004BCC0B /* Project object */;
}
